// !$*UTF8*$!
{
	archiveVersion = 1;
	classes = {
	};
	objectVersion = 56;
	objects = {

/* Begin PBXBuildFile section */
		CE7BCAC62B04EAB90015230C /* SwiftUIStudyApp.swift in Sources */ = {isa = PBXBuildFile; fileRef = CE7BCAC52B04EAB90015230C /* SwiftUIStudyApp.swift */; };
		CE7BCAC82B04EAB90015230C /* ContentView.swift in Sources */ = {isa = PBXBuildFile; fileRef = CE7BCAC72B04EAB90015230C /* ContentView.swift */; };
		CE7BCACA2B04EABA0015230C /* Assets.xcassets in Resources */ = {isa = PBXBuildFile; fileRef = CE7BCAC92B04EABA0015230C /* Assets.xcassets */; };
		CE7BCACE2B04EABA0015230C /* Preview Assets.xcassets in Resources */ = {isa = PBXBuildFile; fileRef = CE7BCACD2B04EABA0015230C /* Preview Assets.xcassets */; };
		CE7BCAD82B04EABA0015230C /* SwiftUIStudyTests.swift in Sources */ = {isa = PBXBuildFile; fileRef = CE7BCAD72B04EABA0015230C /* SwiftUIStudyTests.swift */; };
		CE7BCAE22B04EABA0015230C /* SwiftUIStudyUITests.swift in Sources */ = {isa = PBXBuildFile; fileRef = CE7BCAE12B04EABA0015230C /* SwiftUIStudyUITests.swift */; };
		CE7BCAE42B04EABA0015230C /* SwiftUIStudyUITestsLaunchTests.swift in Sources */ = {isa = PBXBuildFile; fileRef = CE7BCAE32B04EABA0015230C /* SwiftUIStudyUITestsLaunchTests.swift */; };
		CE7BCAF12B04F2AC0015230C /* Sidebar.swift in Sources */ = {isa = PBXBuildFile; fileRef = CE7BCAF02B04F2AC0015230C /* Sidebar.swift */; };
		CE7BCAF32B0512EE0015230C /* NewTaskView.swift in Sources */ = {isa = PBXBuildFile; fileRef = CE7BCAF22B0512EE0015230C /* NewTaskView.swift */; };
		CEBC55792B05FCBF007F9B19 /* SidebarViewModel.swift in Sources */ = {isa = PBXBuildFile; fileRef = CEBC55782B05FCBF007F9B19 /* SidebarViewModel.swift */; };
		CEBC557D2B05FDB6007F9B19 /* SidebarListModel.swift in Sources */ = {isa = PBXBuildFile; fileRef = CEBC557C2B05FDB6007F9B19 /* SidebarListModel.swift */; };
		CEBC55822B0617BD007F9B19 /* CoreDataView.swift in Sources */ = {isa = PBXBuildFile; fileRef = CEBC55812B0617BD007F9B19 /* CoreDataView.swift */; };
/* End PBXBuildFile section */

/* Begin PBXContainerItemProxy section */
		CE7BCAD42B04EABA0015230C /* PBXContainerItemProxy */ = {
			isa = PBXContainerItemProxy;
			containerPortal = CE7BCABA2B04EAB90015230C /* Project object */;
			proxyType = 1;
			remoteGlobalIDString = CE7BCAC12B04EAB90015230C;
			remoteInfo = SwiftUIStudy;
		};
		CE7BCADE2B04EABA0015230C /* PBXContainerItemProxy */ = {
			isa = PBXContainerItemProxy;
			containerPortal = CE7BCABA2B04EAB90015230C /* Project object */;
			proxyType = 1;
			remoteGlobalIDString = CE7BCAC12B04EAB90015230C;
			remoteInfo = SwiftUIStudy;
		};
/* End PBXContainerItemProxy section */

/* Begin PBXFileReference section */
		CE7BCAC22B04EAB90015230C /* SwiftUIStudy.app */ = {isa = PBXFileReference; explicitFileType = wrapper.application; includeInIndex = 0; path = SwiftUIStudy.app; sourceTree = BUILT_PRODUCTS_DIR; };
		CE7BCAC52B04EAB90015230C /* SwiftUIStudyApp.swift */ = {isa = PBXFileReference; lastKnownFileType = sourcecode.swift; path = SwiftUIStudyApp.swift; sourceTree = "<group>"; };
		CE7BCAC72B04EAB90015230C /* ContentView.swift */ = {isa = PBXFileReference; lastKnownFileType = sourcecode.swift; path = ContentView.swift; sourceTree = "<group>"; };
		CE7BCAC92B04EABA0015230C /* Assets.xcassets */ = {isa = PBXFileReference; lastKnownFileType = folder.assetcatalog; path = Assets.xcassets; sourceTree = "<group>"; };
		CE7BCACB2B04EABA0015230C /* SwiftUIStudy.entitlements */ = {isa = PBXFileReference; lastKnownFileType = text.plist.entitlements; path = SwiftUIStudy.entitlements; sourceTree = "<group>"; };
		CE7BCACD2B04EABA0015230C /* Preview Assets.xcassets */ = {isa = PBXFileReference; lastKnownFileType = folder.assetcatalog; path = "Preview Assets.xcassets"; sourceTree = "<group>"; };
		CE7BCAD32B04EABA0015230C /* SwiftUIStudyTests.xctest */ = {isa = PBXFileReference; explicitFileType = wrapper.cfbundle; includeInIndex = 0; path = SwiftUIStudyTests.xctest; sourceTree = BUILT_PRODUCTS_DIR; };
		CE7BCAD72B04EABA0015230C /* SwiftUIStudyTests.swift */ = {isa = PBXFileReference; lastKnownFileType = sourcecode.swift; path = SwiftUIStudyTests.swift; sourceTree = "<group>"; };
		CE7BCADD2B04EABA0015230C /* SwiftUIStudyUITests.xctest */ = {isa = PBXFileReference; explicitFileType = wrapper.cfbundle; includeInIndex = 0; path = SwiftUIStudyUITests.xctest; sourceTree = BUILT_PRODUCTS_DIR; };
		CE7BCAE12B04EABA0015230C /* SwiftUIStudyUITests.swift */ = {isa = PBXFileReference; lastKnownFileType = sourcecode.swift; path = SwiftUIStudyUITests.swift; sourceTree = "<group>"; };
		CE7BCAE32B04EABA0015230C /* SwiftUIStudyUITestsLaunchTests.swift */ = {isa = PBXFileReference; lastKnownFileType = sourcecode.swift; path = SwiftUIStudyUITestsLaunchTests.swift; sourceTree = "<group>"; };
		CE7BCAF02B04F2AC0015230C /* Sidebar.swift */ = {isa = PBXFileReference; lastKnownFileType = sourcecode.swift; path = Sidebar.swift; sourceTree = "<group>"; };
		CE7BCAF22B0512EE0015230C /* NewTaskView.swift */ = {isa = PBXFileReference; lastKnownFileType = sourcecode.swift; path = NewTaskView.swift; sourceTree = "<group>"; };
		CEBC55782B05FCBF007F9B19 /* SidebarViewModel.swift */ = {isa = PBXFileReference; lastKnownFileType = sourcecode.swift; path = SidebarViewModel.swift; sourceTree = "<group>"; };
		CEBC557C2B05FDB6007F9B19 /* SidebarListModel.swift */ = {isa = PBXFileReference; lastKnownFileType = sourcecode.swift; path = SidebarListModel.swift; sourceTree = "<group>"; };
		CEBC55812B0617BD007F9B19 /* CoreDataView.swift */ = {isa = PBXFileReference; lastKnownFileType = sourcecode.swift; path = CoreDataView.swift; sourceTree = "<group>"; };
/* End PBXFileReference section */

/* Begin PBXFrameworksBuildPhase section */
		CE7BCABF2B04EAB90015230C /* Frameworks */ = {
			isa = PBXFrameworksBuildPhase;
			buildActionMask = 2147483647;
			files = (
			);
			runOnlyForDeploymentPostprocessing = 0;
		};
		CE7BCAD02B04EABA0015230C /* Frameworks */ = {
			isa = PBXFrameworksBuildPhase;
			buildActionMask = 2147483647;
			files = (
			);
			runOnlyForDeploymentPostprocessing = 0;
		};
		CE7BCADA2B04EABA0015230C /* Frameworks */ = {
			isa = PBXFrameworksBuildPhase;
			buildActionMask = 2147483647;
			files = (
			);
			runOnlyForDeploymentPostprocessing = 0;
		};
/* End PBXFrameworksBuildPhase section */

/* Begin PBXGroup section */
		CE7BCAB92B04EAB90015230C = {
			isa = PBXGroup;
			children = (
				CE7BCAC42B04EAB90015230C /* SwiftUIStudy */,
				CE7BCAD62B04EABA0015230C /* SwiftUIStudyTests */,
				CE7BCAE02B04EABA0015230C /* SwiftUIStudyUITests */,
				CE7BCAC32B04EAB90015230C /* Products */,
			);
			sourceTree = "<group>";
		};
		CE7BCAC32B04EAB90015230C /* Products */ = {
			isa = PBXGroup;
			children = (
				CE7BCAC22B04EAB90015230C /* SwiftUIStudy.app */,
				CE7BCAD32B04EABA0015230C /* SwiftUIStudyTests.xctest */,
				CE7BCADD2B04EABA0015230C /* SwiftUIStudyUITests.xctest */,
			);
			name = Products;
			sourceTree = "<group>";
		};
		CE7BCAC42B04EAB90015230C /* SwiftUIStudy */ = {
			isa = PBXGroup;
			children = (
				CEBC557A2B05FD88007F9B19 /* Screens */,
				CE7BCAC52B04EAB90015230C /* SwiftUIStudyApp.swift */,
				CE7BCAC92B04EABA0015230C /* Assets.xcassets */,
				CE7BCACB2B04EABA0015230C /* SwiftUIStudy.entitlements */,
				CE7BCACC2B04EABA0015230C /* Preview Content */,
			);
			path = SwiftUIStudy;
			sourceTree = "<group>";
		};
		CE7BCACC2B04EABA0015230C /* Preview Content */ = {
			isa = PBXGroup;
			children = (
				CE7BCACD2B04EABA0015230C /* Preview Assets.xcassets */,
			);
			path = "Preview Content";
			sourceTree = "<group>";
		};
		CE7BCAD62B04EABA0015230C /* SwiftUIStudyTests */ = {
			isa = PBXGroup;
			children = (
				CE7BCAD72B04EABA0015230C /* SwiftUIStudyTests.swift */,
			);
			path = SwiftUIStudyTests;
			sourceTree = "<group>";
		};
		CE7BCAE02B04EABA0015230C /* SwiftUIStudyUITests */ = {
			isa = PBXGroup;
			children = (
				CE7BCAE12B04EABA0015230C /* SwiftUIStudyUITests.swift */,
				CE7BCAE32B04EABA0015230C /* SwiftUIStudyUITestsLaunchTests.swift */,
			);
			path = SwiftUIStudyUITests;
			sourceTree = "<group>";
		};
		CEBC557A2B05FD88007F9B19 /* Screens */ = {
			isa = PBXGroup;
			children = (
				CEBC55802B0617A0007F9B19 /* CoreData */,
				CEBC557F2B061487007F9B19 /* NewTask */,
				CEBC557E2B061453007F9B19 /* Content */,
				CEBC557B2B05FD9D007F9B19 /* Sidebar */,
			);
			path = Screens;
			sourceTree = "<group>";
		};
		CEBC557B2B05FD9D007F9B19 /* Sidebar */ = {
			isa = PBXGroup;
			children = (
				CE7BCAF02B04F2AC0015230C /* Sidebar.swift */,
				CEBC55782B05FCBF007F9B19 /* SidebarViewModel.swift */,
				CEBC557C2B05FDB6007F9B19 /* SidebarListModel.swift */,
			);
			path = Sidebar;
			sourceTree = "<group>";
		};
		CEBC557E2B061453007F9B19 /* Content */ = {
			isa = PBXGroup;
			children = (
				CE7BCAC72B04EAB90015230C /* ContentView.swift */,
			);
			path = Content;
			sourceTree = "<group>";
		};
		CEBC557F2B061487007F9B19 /* NewTask */ = {
			isa = PBXGroup;
			children = (
				CE7BCAF22B0512EE0015230C /* NewTaskView.swift */,
			);
			path = NewTask;
			sourceTree = "<group>";
		};
		CEBC55802B0617A0007F9B19 /* CoreData */ = {
			isa = PBXGroup;
			children = (
				CEBC55812B0617BD007F9B19 /* CoreDataView.swift */,
			);
			path = CoreData;
			sourceTree = "<group>";
		};
/* End PBXGroup section */

/* Begin PBXNativeTarget section */
		CE7BCAC12B04EAB90015230C /* SwiftUIStudy */ = {
			isa = PBXNativeTarget;
			buildConfigurationList = CE7BCAE72B04EABA0015230C /* Build configuration list for PBXNativeTarget "SwiftUIStudy" */;
			buildPhases = (
				CE7BCABE2B04EAB90015230C /* Sources */,
				CE7BCABF2B04EAB90015230C /* Frameworks */,
				CE7BCAC02B04EAB90015230C /* Resources */,
			);
			buildRules = (
			);
			dependencies = (
			);
			name = SwiftUIStudy;
			productName = SwiftUIStudy;
			productReference = CE7BCAC22B04EAB90015230C /* SwiftUIStudy.app */;
			productType = "com.apple.product-type.application";
		};
		CE7BCAD22B04EABA0015230C /* SwiftUIStudyTests */ = {
			isa = PBXNativeTarget;
			buildConfigurationList = CE7BCAEA2B04EABA0015230C /* Build configuration list for PBXNativeTarget "SwiftUIStudyTests" */;
			buildPhases = (
				CE7BCACF2B04EABA0015230C /* Sources */,
				CE7BCAD02B04EABA0015230C /* Frameworks */,
				CE7BCAD12B04EABA0015230C /* Resources */,
			);
			buildRules = (
			);
			dependencies = (
				CE7BCAD52B04EABA0015230C /* PBXTargetDependency */,
			);
			name = SwiftUIStudyTests;
			productName = SwiftUIStudyTests;
			productReference = CE7BCAD32B04EABA0015230C /* SwiftUIStudyTests.xctest */;
			productType = "com.apple.product-type.bundle.unit-test";
		};
		CE7BCADC2B04EABA0015230C /* SwiftUIStudyUITests */ = {
			isa = PBXNativeTarget;
			buildConfigurationList = CE7BCAED2B04EABA0015230C /* Build configuration list for PBXNativeTarget "SwiftUIStudyUITests" */;
			buildPhases = (
				CE7BCAD92B04EABA0015230C /* Sources */,
				CE7BCADA2B04EABA0015230C /* Frameworks */,
				CE7BCADB2B04EABA0015230C /* Resources */,
			);
			buildRules = (
			);
			dependencies = (
				CE7BCADF2B04EABA0015230C /* PBXTargetDependency */,
			);
			name = SwiftUIStudyUITests;
			productName = SwiftUIStudyUITests;
			productReference = CE7BCADD2B04EABA0015230C /* SwiftUIStudyUITests.xctest */;
			productType = "com.apple.product-type.bundle.ui-testing";
		};
/* End PBXNativeTarget section */

/* Begin PBXProject section */
		CE7BCABA2B04EAB90015230C /* Project object */ = {
			isa = PBXProject;
			attributes = {
				BuildIndependentTargetsInParallel = 1;
				LastSwiftUpdateCheck = 1430;
				LastUpgradeCheck = 1430;
				TargetAttributes = {
					CE7BCAC12B04EAB90015230C = {
						CreatedOnToolsVersion = 14.3.1;
					};
					CE7BCAD22B04EABA0015230C = {
						CreatedOnToolsVersion = 14.3.1;
						TestTargetID = CE7BCAC12B04EAB90015230C;
					};
					CE7BCADC2B04EABA0015230C = {
						CreatedOnToolsVersion = 14.3.1;
						TestTargetID = CE7BCAC12B04EAB90015230C;
					};
				};
			};
			buildConfigurationList = CE7BCABD2B04EAB90015230C /* Build configuration list for PBXProject "SwiftUIStudy" */;
			compatibilityVersion = "Xcode 14.0";
			developmentRegion = en;
			hasScannedForEncodings = 0;
			knownRegions = (
				en,
				Base,
			);
			mainGroup = CE7BCAB92B04EAB90015230C;
			productRefGroup = CE7BCAC32B04EAB90015230C /* Products */;
			projectDirPath = "";
			projectRoot = "";
			targets = (
				CE7BCAC12B04EAB90015230C /* SwiftUIStudy */,
				CE7BCAD22B04EABA0015230C /* SwiftUIStudyTests */,
				CE7BCADC2B04EABA0015230C /* SwiftUIStudyUITests */,
			);
		};
/* End PBXProject section */

/* Begin PBXResourcesBuildPhase section */
		CE7BCAC02B04EAB90015230C /* Resources */ = {
			isa = PBXResourcesBuildPhase;
			buildActionMask = 2147483647;
			files = (
				CE7BCACE2B04EABA0015230C /* Preview Assets.xcassets in Resources */,
				CE7BCACA2B04EABA0015230C /* Assets.xcassets in Resources */,
			);
			runOnlyForDeploymentPostprocessing = 0;
		};
		CE7BCAD12B04EABA0015230C /* Resources */ = {
			isa = PBXResourcesBuildPhase;
			buildActionMask = 2147483647;
			files = (
			);
			runOnlyForDeploymentPostprocessing = 0;
		};
		CE7BCADB2B04EABA0015230C /* Resources */ = {
			isa = PBXResourcesBuildPhase;
			buildActionMask = 2147483647;
			files = (
			);
			runOnlyForDeploymentPostprocessing = 0;
		};
/* End PBXResourcesBuildPhase section */

/* Begin PBXSourcesBuildPhase section */
		CE7BCABE2B04EAB90015230C /* Sources */ = {
			isa = PBXSourcesBuildPhase;
			buildActionMask = 2147483647;
			files = (
				CE7BCAF32B0512EE0015230C /* NewTaskView.swift in Sources */,
				CEBC55822B0617BD007F9B19 /* CoreDataView.swift in Sources */,
				CEBC55792B05FCBF007F9B19 /* SidebarViewModel.swift in Sources */,
				CE7BCAC82B04EAB90015230C /* ContentView.swift in Sources */,
				CE7BCAF12B04F2AC0015230C /* Sidebar.swift in Sources */,
				CEBC557D2B05FDB6007F9B19 /* SidebarListModel.swift in Sources */,
				CE7BCAC62B04EAB90015230C /* SwiftUIStudyApp.swift in Sources */,
			);
			runOnlyForDeploymentPostprocessing = 0;
		};
		CE7BCACF2B04EABA0015230C /* Sources */ = {
			isa = PBXSourcesBuildPhase;
			buildActionMask = 2147483647;
			files = (
				CE7BCAD82B04EABA0015230C /* SwiftUIStudyTests.swift in Sources */,
			);
			runOnlyForDeploymentPostprocessing = 0;
		};
		CE7BCAD92B04EABA0015230C /* Sources */ = {
			isa = PBXSourcesBuildPhase;
			buildActionMask = 2147483647;
			files = (
				CE7BCAE42B04EABA0015230C /* SwiftUIStudyUITestsLaunchTests.swift in Sources */,
				CE7BCAE22B04EABA0015230C /* SwiftUIStudyUITests.swift in Sources */,
			);
			runOnlyForDeploymentPostprocessing = 0;
		};
/* End PBXSourcesBuildPhase section */

/* Begin PBXTargetDependency section */
		CE7BCAD52B04EABA0015230C /* PBXTargetDependency */ = {
			isa = PBXTargetDependency;
			target = CE7BCAC12B04EAB90015230C /* SwiftUIStudy */;
			targetProxy = CE7BCAD42B04EABA0015230C /* PBXContainerItemProxy */;
		};
		CE7BCADF2B04EABA0015230C /* PBXTargetDependency */ = {
			isa = PBXTargetDependency;
			target = CE7BCAC12B04EAB90015230C /* SwiftUIStudy */;
			targetProxy = CE7BCADE2B04EABA0015230C /* PBXContainerItemProxy */;
		};
/* End PBXTargetDependency section */

/* Begin XCBuildConfiguration section */
		CE7BCAE52B04EABA0015230C /* Debug */ = {
			isa = XCBuildConfiguration;
			buildSettings = {
				ALWAYS_SEARCH_USER_PATHS = NO;
				CLANG_ANALYZER_NONNULL = YES;
				CLANG_ANALYZER_NUMBER_OBJECT_CONVERSION = YES_AGGRESSIVE;
				CLANG_CXX_LANGUAGE_STANDARD = "gnu++20";
				CLANG_ENABLE_MODULES = YES;
				CLANG_ENABLE_OBJC_ARC = YES;
				CLANG_ENABLE_OBJC_WEAK = YES;
				CLANG_WARN_BLOCK_CAPTURE_AUTORELEASING = YES;
				CLANG_WARN_BOOL_CONVERSION = YES;
				CLANG_WARN_COMMA = YES;
				CLANG_WARN_CONSTANT_CONVERSION = YES;
				CLANG_WARN_DEPRECATED_OBJC_IMPLEMENTATIONS = YES;
				CLANG_WARN_DIRECT_OBJC_ISA_USAGE = YES_ERROR;
				CLANG_WARN_DOCUMENTATION_COMMENTS = YES;
				CLANG_WARN_EMPTY_BODY = YES;
				CLANG_WARN_ENUM_CONVERSION = YES;
				CLANG_WARN_INFINITE_RECURSION = YES;
				CLANG_WARN_INT_CONVERSION = YES;
				CLANG_WARN_NON_LITERAL_NULL_CONVERSION = YES;
				CLANG_WARN_OBJC_IMPLICIT_RETAIN_SELF = YES;
				CLANG_WARN_OBJC_LITERAL_CONVERSION = YES;
				CLANG_WARN_OBJC_ROOT_CLASS = YES_ERROR;
				CLANG_WARN_QUOTED_INCLUDE_IN_FRAMEWORK_HEADER = YES;
				CLANG_WARN_RANGE_LOOP_ANALYSIS = YES;
				CLANG_WARN_STRICT_PROTOTYPES = YES;
				CLANG_WARN_SUSPICIOUS_MOVE = YES;
				CLANG_WARN_UNGUARDED_AVAILABILITY = YES_AGGRESSIVE;
				CLANG_WARN_UNREACHABLE_CODE = YES;
				CLANG_WARN__DUPLICATE_METHOD_MATCH = YES;
				COPY_PHASE_STRIP = NO;
				DEBUG_INFORMATION_FORMAT = dwarf;
				ENABLE_STRICT_OBJC_MSGSEND = YES;
				ENABLE_TESTABILITY = YES;
				GCC_C_LANGUAGE_STANDARD = gnu11;
				GCC_DYNAMIC_NO_PIC = NO;
				GCC_NO_COMMON_BLOCKS = YES;
				GCC_OPTIMIZATION_LEVEL = 0;
				GCC_PREPROCESSOR_DEFINITIONS = (
					"DEBUG=1",
					"$(inherited)",
				);
				GCC_WARN_64_TO_32_BIT_CONVERSION = YES;
				GCC_WARN_ABOUT_RETURN_TYPE = YES_ERROR;
				GCC_WARN_UNDECLARED_SELECTOR = YES;
				GCC_WARN_UNINITIALIZED_AUTOS = YES_AGGRESSIVE;
				GCC_WARN_UNUSED_FUNCTION = YES;
				GCC_WARN_UNUSED_VARIABLE = YES;
				MTL_ENABLE_DEBUG_INFO = INCLUDE_SOURCE;
				MTL_FAST_MATH = YES;
				ONLY_ACTIVE_ARCH = YES;
				SWIFT_ACTIVE_COMPILATION_CONDITIONS = DEBUG;
				SWIFT_OPTIMIZATION_LEVEL = "-Onone";
			};
			name = Debug;
		};
		CE7BCAE62B04EABA0015230C /* Release */ = {
			isa = XCBuildConfiguration;
			buildSettings = {
				ALWAYS_SEARCH_USER_PATHS = NO;
				CLANG_ANALYZER_NONNULL = YES;
				CLANG_ANALYZER_NUMBER_OBJECT_CONVERSION = YES_AGGRESSIVE;
				CLANG_CXX_LANGUAGE_STANDARD = "gnu++20";
				CLANG_ENABLE_MODULES = YES;
				CLANG_ENABLE_OBJC_ARC = YES;
				CLANG_ENABLE_OBJC_WEAK = YES;
				CLANG_WARN_BLOCK_CAPTURE_AUTORELEASING = YES;
				CLANG_WARN_BOOL_CONVERSION = YES;
				CLANG_WARN_COMMA = YES;
				CLANG_WARN_CONSTANT_CONVERSION = YES;
				CLANG_WARN_DEPRECATED_OBJC_IMPLEMENTATIONS = YES;
				CLANG_WARN_DIRECT_OBJC_ISA_USAGE = YES_ERROR;
				CLANG_WARN_DOCUMENTATION_COMMENTS = YES;
				CLANG_WARN_EMPTY_BODY = YES;
				CLANG_WARN_ENUM_CONVERSION = YES;
				CLANG_WARN_INFINITE_RECURSION = YES;
				CLANG_WARN_INT_CONVERSION = YES;
				CLANG_WARN_NON_LITERAL_NULL_CONVERSION = YES;
				CLANG_WARN_OBJC_IMPLICIT_RETAIN_SELF = YES;
				CLANG_WARN_OBJC_LITERAL_CONVERSION = YES;
				CLANG_WARN_OBJC_ROOT_CLASS = YES_ERROR;
				CLANG_WARN_QUOTED_INCLUDE_IN_FRAMEWORK_HEADER = YES;
				CLANG_WARN_RANGE_LOOP_ANALYSIS = YES;
				CLANG_WARN_STRICT_PROTOTYPES = YES;
				CLANG_WARN_SUSPICIOUS_MOVE = YES;
				CLANG_WARN_UNGUARDED_AVAILABILITY = YES_AGGRESSIVE;
				CLANG_WARN_UNREACHABLE_CODE = YES;
				CLANG_WARN__DUPLICATE_METHOD_MATCH = YES;
				COPY_PHASE_STRIP = NO;
				DEBUG_INFORMATION_FORMAT = "dwarf-with-dsym";
				ENABLE_NS_ASSERTIONS = NO;
				ENABLE_STRICT_OBJC_MSGSEND = YES;
				GCC_C_LANGUAGE_STANDARD = gnu11;
				GCC_NO_COMMON_BLOCKS = YES;
				GCC_WARN_64_TO_32_BIT_CONVERSION = YES;
				GCC_WARN_ABOUT_RETURN_TYPE = YES_ERROR;
				GCC_WARN_UNDECLARED_SELECTOR = YES;
				GCC_WARN_UNINITIALIZED_AUTOS = YES_AGGRESSIVE;
				GCC_WARN_UNUSED_FUNCTION = YES;
				GCC_WARN_UNUSED_VARIABLE = YES;
				MTL_ENABLE_DEBUG_INFO = NO;
				MTL_FAST_MATH = YES;
				SWIFT_COMPILATION_MODE = wholemodule;
				SWIFT_OPTIMIZATION_LEVEL = "-O";
			};
			name = Release;
		};
		CE7BCAE82B04EABA0015230C /* Debug */ = {
			isa = XCBuildConfiguration;
			buildSettings = {
				ASSETCATALOG_COMPILER_APPICON_NAME = AppIcon;
				ASSETCATALOG_COMPILER_GLOBAL_ACCENT_COLOR_NAME = AccentColor;
				CODE_SIGN_ENTITLEMENTS = SwiftUIStudy/SwiftUIStudy.entitlements;
				CODE_SIGN_STYLE = Automatic;
				CURRENT_PROJECT_VERSION = 1;
				DEVELOPMENT_ASSET_PATHS = "\"SwiftUIStudy/Preview Content\"";
				DEVELOPMENT_TEAM = S73TSZ5DWG;
				ENABLE_HARDENED_RUNTIME = YES;
				ENABLE_PREVIEWS = YES;
				GENERATE_INFOPLIST_FILE = YES;
				"INFOPLIST_KEY_UIApplicationSceneManifest_Generation[sdk=iphoneos*]" = YES;
				"INFOPLIST_KEY_UIApplicationSceneManifest_Generation[sdk=iphonesimulator*]" = YES;
				"INFOPLIST_KEY_UIApplicationSupportsIndirectInputEvents[sdk=iphoneos*]" = YES;
				"INFOPLIST_KEY_UIApplicationSupportsIndirectInputEvents[sdk=iphonesimulator*]" = YES;
				"INFOPLIST_KEY_UILaunchScreen_Generation[sdk=iphoneos*]" = YES;
				"INFOPLIST_KEY_UILaunchScreen_Generation[sdk=iphonesimulator*]" = YES;
				"INFOPLIST_KEY_UIStatusBarStyle[sdk=iphoneos*]" = UIStatusBarStyleDefault;
				"INFOPLIST_KEY_UIStatusBarStyle[sdk=iphonesimulator*]" = UIStatusBarStyleDefault;
				INFOPLIST_KEY_UISupportedInterfaceOrientations_iPad = "UIInterfaceOrientationPortrait UIInterfaceOrientationPortraitUpsideDown UIInterfaceOrientationLandscapeLeft UIInterfaceOrientationLandscapeRight";
				INFOPLIST_KEY_UISupportedInterfaceOrientations_iPhone = "UIInterfaceOrientationPortrait UIInterfaceOrientationLandscapeLeft UIInterfaceOrientationLandscapeRight";
				IPHONEOS_DEPLOYMENT_TARGET = 16.4;
				LD_RUNPATH_SEARCH_PATHS = "@executable_path/Frameworks";
				"LD_RUNPATH_SEARCH_PATHS[sdk=macosx*]" = "@executable_path/../Frameworks";
				MACOSX_DEPLOYMENT_TARGET = 13.3;
				MARKETING_VERSION = 1.0;
				PRODUCT_BUNDLE_IDENTIFIER = fojin.SwiftUIStudy;
				PRODUCT_NAME = "$(TARGET_NAME)";
				SDKROOT = auto;
				SUPPORTED_PLATFORMS = "iphoneos iphonesimulator macosx";
				SWIFT_EMIT_LOC_STRINGS = YES;
				SWIFT_VERSION = 5.0;
				TARGETED_DEVICE_FAMILY = "1,2";
			};
			name = Debug;
		};
		CE7BCAE92B04EABA0015230C /* Release */ = {
			isa = XCBuildConfiguration;
			buildSettings = {
				ASSETCATALOG_COMPILER_APPICON_NAME = AppIcon;
				ASSETCATALOG_COMPILER_GLOBAL_ACCENT_COLOR_NAME = AccentColor;
				CODE_SIGN_ENTITLEMENTS = SwiftUIStudy/SwiftUIStudy.entitlements;
				CODE_SIGN_STYLE = Automatic;
				CURRENT_PROJECT_VERSION = 1;
				DEVELOPMENT_ASSET_PATHS = "\"SwiftUIStudy/Preview Content\"";
				DEVELOPMENT_TEAM = S73TSZ5DWG;
				ENABLE_HARDENED_RUNTIME = YES;
				ENABLE_PREVIEWS = YES;
				GENERATE_INFOPLIST_FILE = YES;
				"INFOPLIST_KEY_UIApplicationSceneManifest_Generation[sdk=iphoneos*]" = YES;
				"INFOPLIST_KEY_UIApplicationSceneManifest_Generation[sdk=iphonesimulator*]" = YES;
				"INFOPLIST_KEY_UIApplicationSupportsIndirectInputEvents[sdk=iphoneos*]" = YES;
				"INFOPLIST_KEY_UIApplicationSupportsIndirectInputEvents[sdk=iphonesimulator*]" = YES;
				"INFOPLIST_KEY_UILaunchScreen_Generation[sdk=iphoneos*]" = YES;
				"INFOPLIST_KEY_UILaunchScreen_Generation[sdk=iphonesimulator*]" = YES;
				"INFOPLIST_KEY_UIStatusBarStyle[sdk=iphoneos*]" = UIStatusBarStyleDefault;
				"INFOPLIST_KEY_UIStatusBarStyle[sdk=iphonesimulator*]" = UIStatusBarStyleDefault;
				INFOPLIST_KEY_UISupportedInterfaceOrientations_iPad = "UIInterfaceOrientationPortrait UIInterfaceOrientationPortraitUpsideDown UIInterfaceOrientationLandscapeLeft UIInterfaceOrientationLandscapeRight";
				INFOPLIST_KEY_UISupportedInterfaceOrientations_iPhone = "UIInterfaceOrientationPortrait UIInterfaceOrientationLandscapeLeft UIInterfaceOrientationLandscapeRight";
				IPHONEOS_DEPLOYMENT_TARGET = 16.4;
				LD_RUNPATH_SEARCH_PATHS = "@executable_path/Frameworks";
				"LD_RUNPATH_SEARCH_PATHS[sdk=macosx*]" = "@executable_path/../Frameworks";
				MACOSX_DEPLOYMENT_TARGET = 13.3;
				MARKETING_VERSION = 1.0;
				PRODUCT_BUNDLE_IDENTIFIER = fojin.SwiftUIStudy;
				PRODUCT_NAME = "$(TARGET_NAME)";
				SDKROOT = auto;
				SUPPORTED_PLATFORMS = "iphoneos iphonesimulator macosx";
				SWIFT_EMIT_LOC_STRINGS = YES;
				SWIFT_VERSION = 5.0;
				TARGETED_DEVICE_FAMILY = "1,2";
			};
			name = Release;
		};
		CE7BCAEB2B04EABA0015230C /* Debug */ = {
			isa = XCBuildConfiguration;
			buildSettings = {
				ALWAYS_EMBED_SWIFT_STANDARD_LIBRARIES = YES;
				BUNDLE_LOADER = "$(TEST_HOST)";
				CODE_SIGN_STYLE = Automatic;
				CURRENT_PROJECT_VERSION = 1;
				DEVELOPMENT_TEAM = S73TSZ5DWG;
				GENERATE_INFOPLIST_FILE = YES;
				IPHONEOS_DEPLOYMENT_TARGET = 16.4;
				MACOSX_DEPLOYMENT_TARGET = 13.3;
				MARKETING_VERSION = 1.0;
				PRODUCT_BUNDLE_IDENTIFIER = fojin.SwiftUIStudyTests;
				PRODUCT_NAME = "$(TARGET_NAME)";
				SDKROOT = auto;
				SUPPORTED_PLATFORMS = "iphoneos iphonesimulator macosx";
				SWIFT_EMIT_LOC_STRINGS = NO;
				SWIFT_VERSION = 5.0;
				TARGETED_DEVICE_FAMILY = "1,2";
				TEST_HOST = "$(BUILT_PRODUCTS_DIR)/SwiftUIStudy.app/$(BUNDLE_EXECUTABLE_FOLDER_PATH)/SwiftUIStudy";
			};
			name = Debug;
		};
		CE7BCAEC2B04EABA0015230C /* Release */ = {
			isa = XCBuildConfiguration;
			buildSettings = {
				ALWAYS_EMBED_SWIFT_STANDARD_LIBRARIES = YES;
				BUNDLE_LOADER = "$(TEST_HOST)";
				CODE_SIGN_STYLE = Automatic;
				CURRENT_PROJECT_VERSION = 1;
				DEVELOPMENT_TEAM = S73TSZ5DWG;
				GENERATE_INFOPLIST_FILE = YES;
				IPHONEOS_DEPLOYMENT_TARGET = 16.4;
				MACOSX_DEPLOYMENT_TARGET = 13.3;
				MARKETING_VERSION = 1.0;
				PRODUCT_BUNDLE_IDENTIFIER = fojin.SwiftUIStudyTests;
				PRODUCT_NAME = "$(TARGET_NAME)";
				SDKROOT = auto;
				SUPPORTED_PLATFORMS = "iphoneos iphonesimulator macosx";
				SWIFT_EMIT_LOC_STRINGS = NO;
				SWIFT_VERSION = 5.0;
				TARGETED_DEVICE_FAMILY = "1,2";
				TEST_HOST = "$(BUILT_PRODUCTS_DIR)/SwiftUIStudy.app/$(BUNDLE_EXECUTABLE_FOLDER_PATH)/SwiftUIStudy";
			};
			name = Release;
		};
		CE7BCAEE2B04EABA0015230C /* Debug */ = {
			isa = XCBuildConfiguration;
			buildSettings = {
				ALWAYS_EMBED_SWIFT_STANDARD_LIBRARIES = YES;
				CODE_SIGN_STYLE = Automatic;
				CURRENT_PROJECT_VERSION = 1;
				DEVELOPMENT_TEAM = S73TSZ5DWG;
				GENERATE_INFOPLIST_FILE = YES;
				IPHONEOS_DEPLOYMENT_TARGET = 16.4;
				MACOSX_DEPLOYMENT_TARGET = 13.3;
				MARKETING_VERSION = 1.0;
				PRODUCT_BUNDLE_IDENTIFIER = fojin.SwiftUIStudyUITests;
				PRODUCT_NAME = "$(TARGET_NAME)";
				SDKROOT = auto;
				SUPPORTED_PLATFORMS = "iphoneos iphonesimulator macosx";
				SWIFT_EMIT_LOC_STRINGS = NO;
				SWIFT_VERSION = 5.0;
				TARGETED_DEVICE_FAMILY = "1,2";
				TEST_TARGET_NAME = SwiftUIStudy;
			};
			name = Debug;
		};
		CE7BCAEF2B04EABA0015230C /* Release */ = {
			isa = XCBuildConfiguration;
			buildSettings = {
				ALWAYS_EMBED_SWIFT_STANDARD_LIBRARIES = YES;
				CODE_SIGN_STYLE = Automatic;
				CURRENT_PROJECT_VERSION = 1;
				DEVELOPMENT_TEAM = S73TSZ5DWG;
				GENERATE_INFOPLIST_FILE = YES;
				IPHONEOS_DEPLOYMENT_TARGET = 16.4;
				MACOSX_DEPLOYMENT_TARGET = 13.3;
				MARKETING_VERSION = 1.0;
				PRODUCT_BUNDLE_IDENTIFIER = fojin.SwiftUIStudyUITests;
				PRODUCT_NAME = "$(TARGET_NAME)";
				SDKROOT = auto;
				SUPPORTED_PLATFORMS = "iphoneos iphonesimulator macosx";
				SWIFT_EMIT_LOC_STRINGS = NO;
				SWIFT_VERSION = 5.0;
				TARGETED_DEVICE_FAMILY = "1,2";
				TEST_TARGET_NAME = SwiftUIStudy;
			};
			name = Release;
		};
/* End XCBuildConfiguration section */

/* Begin XCConfigurationList section */
		CE7BCABD2B04EAB90015230C /* Build configuration list for PBXProject "SwiftUIStudy" */ = {
			isa = XCConfigurationList;
			buildConfigurations = (
				CE7BCAE52B04EABA0015230C /* Debug */,
				CE7BCAE62B04EABA0015230C /* Release */,
			);
			defaultConfigurationIsVisible = 0;
			defaultConfigurationName = Release;
		};
		CE7BCAE72B04EABA0015230C /* Build configuration list for PBXNativeTarget "SwiftUIStudy" */ = {
			isa = XCConfigurationList;
			buildConfigurations = (
				CE7BCAE82B04EABA0015230C /* Debug */,
				CE7BCAE92B04EABA0015230C /* Release */,
			);
			defaultConfigurationIsVisible = 0;
			defaultConfigurationName = Release;
		};
		CE7BCAEA2B04EABA0015230C /* Build configuration list for PBXNativeTarget "SwiftUIStudyTests" */ = {
			isa = XCConfigurationList;
			buildConfigurations = (
				CE7BCAEB2B04EABA0015230C /* Debug */,
				CE7BCAEC2B04EABA0015230C /* Release */,
			);
			defaultConfigurationIsVisible = 0;
			defaultConfigurationName = Release;
		};
		CE7BCAED2B04EABA0015230C /* Build configuration list for PBXNativeTarget "SwiftUIStudyUITests" */ = {
			isa = XCConfigurationList;
			buildConfigurations = (
				CE7BCAEE2B04EABA0015230C /* Debug */,
				CE7BCAEF2B04EABA0015230C /* Release */,
			);
			defaultConfigurationIsVisible = 0;
			defaultConfigurationName = Release;
		};
/* End XCConfigurationList section */
	};
	rootObject = CE7BCABA2B04EAB90015230C /* Project object */;
}
