// !$*UTF8*$!
{
	archiveVersion = 1;
	classes = {
	};
	objectVersion = 56;
	objects = {

/* Begin PBXBuildFile section */
		805513BBA2AEBC3A0D7AD40C /* libPods-SwiftUIStudy.a in Frameworks */ = {isa = PBXBuildFile; fileRef = 70F864038B13D0AF578B7641 /* libPods-SwiftUIStudy.a */; };
		CE0230772B318D9100D5887D /* Coordinates.xcdatamodeld in Sources */ = {isa = PBXBuildFile; fileRef = CE0230752B318D9100D5887D /* Coordinates.xcdatamodeld */; };
		CE0647A22B0F926E00FDEE12 /* WeatherView.swift in Sources */ = {isa = PBXBuildFile; fileRef = CE0647A12B0F926E00FDEE12 /* WeatherView.swift */; };
		CE0647A52B0F959500FDEE12 /* Alamofire in Frameworks */ = {isa = PBXBuildFile; productRef = CE0647A42B0F959500FDEE12 /* Alamofire */; };
		CE0647AB2B107AA200FDEE12 /* NetworkManager.swift in Sources */ = {isa = PBXBuildFile; fileRef = CE0647AA2B107AA200FDEE12 /* NetworkManager.swift */; };
		CE0647B82B109D4A00FDEE12 /* WeatherViewModel.swift in Sources */ = {isa = PBXBuildFile; fileRef = CE0647B72B109D4A00FDEE12 /* WeatherViewModel.swift */; };
		CE0647BC2B10A1AB00FDEE12 /* WeatherModel.swift in Sources */ = {isa = PBXBuildFile; fileRef = CE0647BB2B10A1AB00FDEE12 /* WeatherModel.swift */; };
		CE0D617E2B186A6000E93536 /* TokenStorage.swift in Sources */ = {isa = PBXBuildFile; fileRef = CE0D617D2B186A6000E93536 /* TokenStorage.swift */; };
		CE0D61812B186B1200E93536 /* KeychainSwift in Frameworks */ = {isa = PBXBuildFile; productRef = CE0D61802B186B1200E93536 /* KeychainSwift */; };
		CE0D61842B188FCD00E93536 /* Stinsen in Frameworks */ = {isa = PBXBuildFile; productRef = CE0D61832B188FCD00E93536 /* Stinsen */; };
		CE0D61892B189B5600E93536 /* MainCoordinator.swift in Sources */ = {isa = PBXBuildFile; fileRef = CE0D61882B189B5600E93536 /* MainCoordinator.swift */; };
		CE0D618B2B18AD0B00E93536 /* ContentCoordinator.swift in Sources */ = {isa = PBXBuildFile; fileRef = CE0D618A2B18AD0B00E93536 /* ContentCoordinator.swift */; };
		CE23A5582B1EFC0100DED654 /* WeatherNetworkGateway.swift in Sources */ = {isa = PBXBuildFile; fileRef = CE23A5572B1EFC0100DED654 /* WeatherNetworkGateway.swift */; };
		CE23A55A2B1EFC2200DED654 /* NetworkGatewayProtocol.swift in Sources */ = {isa = PBXBuildFile; fileRef = CE23A5592B1EFC2200DED654 /* NetworkGatewayProtocol.swift */; };
		CE2A27CE2B0C994A003F9601 /* SwiftDataView.swift in Sources */ = {isa = PBXBuildFile; fileRef = CE2A27CD2B0C994A003F9601 /* SwiftDataView.swift */; };
		CE2A27D02B0C9979003F9601 /* SwiftDataViewModel.swift in Sources */ = {isa = PBXBuildFile; fileRef = CE2A27CF2B0C9979003F9601 /* SwiftDataViewModel.swift */; };
		CE2A27D22B0C9983003F9601 /* SwiftDataManager.swift in Sources */ = {isa = PBXBuildFile; fileRef = CE2A27D12B0C9983003F9601 /* SwiftDataManager.swift */; };
		CE2A27D52B0C9996003F9601 /* SwiftDataEntities.swift in Sources */ = {isa = PBXBuildFile; fileRef = CE2A27D42B0C9996003F9601 /* SwiftDataEntities.swift */; };
		CE5962622B15F101005BDEEB /* AppStateManager.swift in Sources */ = {isa = PBXBuildFile; fileRef = CE5962612B15F101005BDEEB /* AppStateManager.swift */; };
		CE5962652B17209E005BDEEB /* CameraService.swift in Sources */ = {isa = PBXBuildFile; fileRef = CE5962642B17209E005BDEEB /* CameraService.swift */; };
		CE5962842B172926005BDEEB /* CamViewController.swift in Sources */ = {isa = PBXBuildFile; fileRef = CE59627E2B172926005BDEEB /* CamViewController.swift */; };
		CE5F58D12B22FDCB008D91A1 /* WidgetKit.framework in Frameworks */ = {isa = PBXBuildFile; fileRef = CE5F58D02B22FDCB008D91A1 /* WidgetKit.framework */; };
		CE5F58D32B22FDCB008D91A1 /* SwiftUI.framework in Frameworks */ = {isa = PBXBuildFile; fileRef = CE5F58D22B22FDCB008D91A1 /* SwiftUI.framework */; };
		CE5F58D62B22FDCB008D91A1 /* TestBundle.swift in Sources */ = {isa = PBXBuildFile; fileRef = CE5F58D52B22FDCB008D91A1 /* TestBundle.swift */; };
		CE5F58D82B22FDCB008D91A1 /* TestLiveActivity.swift in Sources */ = {isa = PBXBuildFile; fileRef = CE5F58D72B22FDCB008D91A1 /* TestLiveActivity.swift */; };
		CE5F58DC2B22FDCC008D91A1 /* Assets.xcassets in Resources */ = {isa = PBXBuildFile; fileRef = CE5F58DB2B22FDCC008D91A1 /* Assets.xcassets */; };
		CE5F58E02B22FDCC008D91A1 /* TestExtension.appex in Embed Foundation Extensions */ = {isa = PBXBuildFile; fileRef = CE5F58CE2B22FDCB008D91A1 /* TestExtension.appex */; settings = {ATTRIBUTES = (RemoveHeadersOnCopy, ); }; };
		CE5F58E52B22FDD0008D91A1 /* TestLiveActivity.swift in Sources */ = {isa = PBXBuildFile; fileRef = CE5F58D72B22FDCB008D91A1 /* TestLiveActivity.swift */; };
		CE5F58E82B22FEB0008D91A1 /* LiveActivityView.swift in Sources */ = {isa = PBXBuildFile; fileRef = CE5F58E72B22FEB0008D91A1 /* LiveActivityView.swift */; };
		CE6329932B15C77C0020D37F /* InactiveView.swift in Sources */ = {isa = PBXBuildFile; fileRef = CE6329922B15C77C0020D37F /* InactiveView.swift */; };
		CE6329962B15CFAB0020D37F /* PhotoCompressionView.swift in Sources */ = {isa = PBXBuildFile; fileRef = CE6329952B15CFAB0020D37F /* PhotoCompressionView.swift */; };
		CE76E21A2B343D06006859E9 /* Strings+Generated.swift in Sources */ = {isa = PBXBuildFile; fileRef = CE76E2192B343D06006859E9 /* Strings+Generated.swift */; };
		CE76E21B2B343E10006859E9 /* Localizable.strings in Resources */ = {isa = PBXBuildFile; fileRef = CE76E21D2B343E10006859E9 /* Localizable.strings */; };
		CE76E2212B3466F0006859E9 /* ChangeLanguageView.swift in Sources */ = {isa = PBXBuildFile; fileRef = CE76E2202B3466F0006859E9 /* ChangeLanguageView.swift */; };
		CE7BCAC62B04EAB90015230C /* SwiftUIStudyApp.swift in Sources */ = {isa = PBXBuildFile; fileRef = CE7BCAC52B04EAB90015230C /* SwiftUIStudyApp.swift */; };
		CE7BCAC82B04EAB90015230C /* ContentView.swift in Sources */ = {isa = PBXBuildFile; fileRef = CE7BCAC72B04EAB90015230C /* ContentView.swift */; };
		CE7BCACA2B04EABA0015230C /* Assets.xcassets in Resources */ = {isa = PBXBuildFile; fileRef = CE7BCAC92B04EABA0015230C /* Assets.xcassets */; };
		CE7BCACE2B04EABA0015230C /* Preview Assets.xcassets in Resources */ = {isa = PBXBuildFile; fileRef = CE7BCACD2B04EABA0015230C /* Preview Assets.xcassets */; };
		CE7BCAD82B04EABA0015230C /* SwiftUIStudyTests.swift in Sources */ = {isa = PBXBuildFile; fileRef = CE7BCAD72B04EABA0015230C /* SwiftUIStudyTests.swift */; };
		CE7BCAE22B04EABA0015230C /* SwiftUIStudyUITests.swift in Sources */ = {isa = PBXBuildFile; fileRef = CE7BCAE12B04EABA0015230C /* SwiftUIStudyUITests.swift */; };
		CE7BCAE42B04EABA0015230C /* SwiftUIStudyUITestsLaunchTests.swift in Sources */ = {isa = PBXBuildFile; fileRef = CE7BCAE32B04EABA0015230C /* SwiftUIStudyUITestsLaunchTests.swift */; };
		CE7BCAF12B04F2AC0015230C /* Sidebar.swift in Sources */ = {isa = PBXBuildFile; fileRef = CE7BCAF02B04F2AC0015230C /* Sidebar.swift */; };
		CE7BCAF32B0512EE0015230C /* NewTaskView.swift in Sources */ = {isa = PBXBuildFile; fileRef = CE7BCAF22B0512EE0015230C /* NewTaskView.swift */; };
		CEACB7772B205E7D004144B7 /* PhotoCompressionView.swift in Sources */ = {isa = PBXBuildFile; fileRef = CE6329952B15CFAB0020D37F /* PhotoCompressionView.swift */; };
		CEACB7782B205F73004144B7 /* AppStateManager.swift in Sources */ = {isa = PBXBuildFile; fileRef = CE5962612B15F101005BDEEB /* AppStateManager.swift */; };
		CEACB7792B205F8D004144B7 /* CamViewController.swift in Sources */ = {isa = PBXBuildFile; fileRef = CE59627E2B172926005BDEEB /* CamViewController.swift */; };
		CEACB77A2B205F98004144B7 /* InactiveView.swift in Sources */ = {isa = PBXBuildFile; fileRef = CE6329922B15C77C0020D37F /* InactiveView.swift */; };
		CEACB77B2B205FA9004144B7 /* CameraService.swift in Sources */ = {isa = PBXBuildFile; fileRef = CE5962642B17209E005BDEEB /* CameraService.swift */; };
		CEBC55792B05FCBF007F9B19 /* SidebarViewModel.swift in Sources */ = {isa = PBXBuildFile; fileRef = CEBC55782B05FCBF007F9B19 /* SidebarViewModel.swift */; };
		CEBC557D2B05FDB6007F9B19 /* SidebarListModel.swift in Sources */ = {isa = PBXBuildFile; fileRef = CEBC557C2B05FDB6007F9B19 /* SidebarListModel.swift */; };
		CEBC55822B0617BD007F9B19 /* CoreDataView.swift in Sources */ = {isa = PBXBuildFile; fileRef = CEBC55812B0617BD007F9B19 /* CoreDataView.swift */; };
		CEBC55852B06424B007F9B19 /* CoreDataStudy.xcdatamodeld in Sources */ = {isa = PBXBuildFile; fileRef = CEBC55832B06424B007F9B19 /* CoreDataStudy.xcdatamodeld */; };
		CEBC55892B0B3808007F9B19 /* CoreDataViewModel.swift in Sources */ = {isa = PBXBuildFile; fileRef = CEBC55882B0B3808007F9B19 /* CoreDataViewModel.swift */; };
		CEBC558D2B0B387B007F9B19 /* CoreDataManager.swift in Sources */ = {isa = PBXBuildFile; fileRef = CEBC558C2B0B387B007F9B19 /* CoreDataManager.swift */; };
		CEC327302B29E4240078C5B2 /* ScheduleNotification.swift in Sources */ = {isa = PBXBuildFile; fileRef = CEC3272F2B29E4240078C5B2 /* ScheduleNotification.swift */; };
		CEC3274C2B2AF4E80078C5B2 /* LocalNotificationManager.swift in Sources */ = {isa = PBXBuildFile; fileRef = CEC3274B2B2AF4E80078C5B2 /* LocalNotificationManager.swift */; };
		CEC3275A2B2B30ED0078C5B2 /* GetStreamChatView.swift in Sources */ = {isa = PBXBuildFile; fileRef = CEC327592B2B30ED0078C5B2 /* GetStreamChatView.swift */; };
		CEC3275D2B2B34C50078C5B2 /* StreamChatSwiftUI in Frameworks */ = {isa = PBXBuildFile; productRef = CEC3275C2B2B34C50078C5B2 /* StreamChatSwiftUI */; };
		CEC327802B2C84C30078C5B2 /* GetStreamManager.swift in Sources */ = {isa = PBXBuildFile; fileRef = CEC3277F2B2C84C30078C5B2 /* GetStreamManager.swift */; };
		CEC327832B307A5B0078C5B2 /* GeoTrackView.swift in Sources */ = {isa = PBXBuildFile; fileRef = CEC327822B307A5B0078C5B2 /* GeoTrackView.swift */; };
		CEC327872B307E0C0078C5B2 /* GeoTrackViewModel.swift in Sources */ = {isa = PBXBuildFile; fileRef = CEC327862B307E0C0078C5B2 /* GeoTrackViewModel.swift */; };
/* End PBXBuildFile section */

/* Begin PBXContainerItemProxy section */
		CE5F58DE2B22FDCC008D91A1 /* PBXContainerItemProxy */ = {
			isa = PBXContainerItemProxy;
			containerPortal = CE7BCABA2B04EAB90015230C /* Project object */;
			proxyType = 1;
			remoteGlobalIDString = CE5F58CD2B22FDCB008D91A1;
			remoteInfo = TestExtension;
		};
		CE7BCAD42B04EABA0015230C /* PBXContainerItemProxy */ = {
			isa = PBXContainerItemProxy;
			containerPortal = CE7BCABA2B04EAB90015230C /* Project object */;
			proxyType = 1;
			remoteGlobalIDString = CE7BCAC12B04EAB90015230C;
			remoteInfo = SwiftUIStudy;
		};
		CE7BCADE2B04EABA0015230C /* PBXContainerItemProxy */ = {
			isa = PBXContainerItemProxy;
			containerPortal = CE7BCABA2B04EAB90015230C /* Project object */;
			proxyType = 1;
			remoteGlobalIDString = CE7BCAC12B04EAB90015230C;
			remoteInfo = SwiftUIStudy;
		};
/* End PBXContainerItemProxy section */

/* Begin PBXCopyFilesBuildPhase section */
		CE5F58E12B22FDCC008D91A1 /* Embed Foundation Extensions */ = {
			isa = PBXCopyFilesBuildPhase;
			buildActionMask = 2147483647;
			dstPath = "";
			dstSubfolderSpec = 13;
			files = (
				CE5F58E02B22FDCC008D91A1 /* TestExtension.appex in Embed Foundation Extensions */,
			);
			name = "Embed Foundation Extensions";
			runOnlyForDeploymentPostprocessing = 0;
		};
/* End PBXCopyFilesBuildPhase section */

/* Begin PBXFileReference section */
		1611D6096146EBD6FE934AC5 /* Pods-SwiftUIStudy.release.xcconfig */ = {isa = PBXFileReference; includeInIndex = 1; lastKnownFileType = text.xcconfig; name = "Pods-SwiftUIStudy.release.xcconfig"; path = "Target Support Files/Pods-SwiftUIStudy/Pods-SwiftUIStudy.release.xcconfig"; sourceTree = "<group>"; };
		5A62D88C996A7815DD6CABD2 /* Pods-SwiftUIStudy.debug.xcconfig */ = {isa = PBXFileReference; includeInIndex = 1; lastKnownFileType = text.xcconfig; name = "Pods-SwiftUIStudy.debug.xcconfig"; path = "Target Support Files/Pods-SwiftUIStudy/Pods-SwiftUIStudy.debug.xcconfig"; sourceTree = "<group>"; };
		70F864038B13D0AF578B7641 /* libPods-SwiftUIStudy.a */ = {isa = PBXFileReference; explicitFileType = archive.ar; includeInIndex = 0; path = "libPods-SwiftUIStudy.a"; sourceTree = BUILT_PRODUCTS_DIR; };
		CE0230762B318D9100D5887D /* Coordinates.xcdatamodel */ = {isa = PBXFileReference; lastKnownFileType = wrapper.xcdatamodel; path = Coordinates.xcdatamodel; sourceTree = "<group>"; };
		CE0647A12B0F926E00FDEE12 /* WeatherView.swift */ = {isa = PBXFileReference; lastKnownFileType = sourcecode.swift; path = WeatherView.swift; sourceTree = "<group>"; };
		CE0647AA2B107AA200FDEE12 /* NetworkManager.swift */ = {isa = PBXFileReference; lastKnownFileType = sourcecode.swift; path = NetworkManager.swift; sourceTree = "<group>"; };
		CE0647B72B109D4A00FDEE12 /* WeatherViewModel.swift */ = {isa = PBXFileReference; lastKnownFileType = sourcecode.swift; path = WeatherViewModel.swift; sourceTree = "<group>"; };
		CE0647BB2B10A1AB00FDEE12 /* WeatherModel.swift */ = {isa = PBXFileReference; lastKnownFileType = sourcecode.swift; path = WeatherModel.swift; sourceTree = "<group>"; };
		CE0647BF2B14BF5600FDEE12 /* Info.plist */ = {isa = PBXFileReference; lastKnownFileType = text.plist; path = Info.plist; sourceTree = "<group>"; };
		CE0D617D2B186A6000E93536 /* TokenStorage.swift */ = {isa = PBXFileReference; lastKnownFileType = sourcecode.swift; path = TokenStorage.swift; sourceTree = "<group>"; };
		CE0D61882B189B5600E93536 /* MainCoordinator.swift */ = {isa = PBXFileReference; lastKnownFileType = sourcecode.swift; path = MainCoordinator.swift; sourceTree = "<group>"; };
		CE0D618A2B18AD0B00E93536 /* ContentCoordinator.swift */ = {isa = PBXFileReference; lastKnownFileType = sourcecode.swift; path = ContentCoordinator.swift; sourceTree = "<group>"; };
		CE23A5572B1EFC0100DED654 /* WeatherNetworkGateway.swift */ = {isa = PBXFileReference; lastKnownFileType = sourcecode.swift; path = WeatherNetworkGateway.swift; sourceTree = "<group>"; };
		CE23A5592B1EFC2200DED654 /* NetworkGatewayProtocol.swift */ = {isa = PBXFileReference; lastKnownFileType = sourcecode.swift; path = NetworkGatewayProtocol.swift; sourceTree = "<group>"; };
		CE2A27CD2B0C994A003F9601 /* SwiftDataView.swift */ = {isa = PBXFileReference; lastKnownFileType = sourcecode.swift; path = SwiftDataView.swift; sourceTree = "<group>"; };
		CE2A27CF2B0C9979003F9601 /* SwiftDataViewModel.swift */ = {isa = PBXFileReference; lastKnownFileType = sourcecode.swift; path = SwiftDataViewModel.swift; sourceTree = "<group>"; };
		CE2A27D12B0C9983003F9601 /* SwiftDataManager.swift */ = {isa = PBXFileReference; lastKnownFileType = sourcecode.swift; path = SwiftDataManager.swift; sourceTree = "<group>"; };
		CE2A27D42B0C9996003F9601 /* SwiftDataEntities.swift */ = {isa = PBXFileReference; lastKnownFileType = sourcecode.swift; path = SwiftDataEntities.swift; sourceTree = "<group>"; };
		CE5962612B15F101005BDEEB /* AppStateManager.swift */ = {isa = PBXFileReference; lastKnownFileType = sourcecode.swift; path = AppStateManager.swift; sourceTree = "<group>"; };
		CE5962642B17209E005BDEEB /* CameraService.swift */ = {isa = PBXFileReference; lastKnownFileType = sourcecode.swift; path = CameraService.swift; sourceTree = "<group>"; };
		CE59627E2B172926005BDEEB /* CamViewController.swift */ = {isa = PBXFileReference; fileEncoding = 4; lastKnownFileType = sourcecode.swift; path = CamViewController.swift; sourceTree = "<group>"; };
		CE5F58CE2B22FDCB008D91A1 /* TestExtension.appex */ = {isa = PBXFileReference; explicitFileType = "wrapper.app-extension"; includeInIndex = 0; path = TestExtension.appex; sourceTree = BUILT_PRODUCTS_DIR; };
		CE5F58D02B22FDCB008D91A1 /* WidgetKit.framework */ = {isa = PBXFileReference; lastKnownFileType = wrapper.framework; name = WidgetKit.framework; path = System/Library/Frameworks/WidgetKit.framework; sourceTree = SDKROOT; };
		CE5F58D22B22FDCB008D91A1 /* SwiftUI.framework */ = {isa = PBXFileReference; lastKnownFileType = wrapper.framework; name = SwiftUI.framework; path = System/Library/Frameworks/SwiftUI.framework; sourceTree = SDKROOT; };
		CE5F58D52B22FDCB008D91A1 /* TestBundle.swift */ = {isa = PBXFileReference; lastKnownFileType = sourcecode.swift; path = TestBundle.swift; sourceTree = "<group>"; };
		CE5F58D72B22FDCB008D91A1 /* TestLiveActivity.swift */ = {isa = PBXFileReference; lastKnownFileType = sourcecode.swift; path = TestLiveActivity.swift; sourceTree = "<group>"; };
		CE5F58DB2B22FDCC008D91A1 /* Assets.xcassets */ = {isa = PBXFileReference; lastKnownFileType = folder.assetcatalog; path = Assets.xcassets; sourceTree = "<group>"; };
		CE5F58DD2B22FDCC008D91A1 /* Info.plist */ = {isa = PBXFileReference; lastKnownFileType = text.plist.xml; path = Info.plist; sourceTree = "<group>"; };
		CE5F58E72B22FEB0008D91A1 /* LiveActivityView.swift */ = {isa = PBXFileReference; lastKnownFileType = sourcecode.swift; path = LiveActivityView.swift; sourceTree = "<group>"; };
		CE6329922B15C77C0020D37F /* InactiveView.swift */ = {isa = PBXFileReference; lastKnownFileType = sourcecode.swift; path = InactiveView.swift; sourceTree = "<group>"; };
		CE6329952B15CFAB0020D37F /* PhotoCompressionView.swift */ = {isa = PBXFileReference; lastKnownFileType = sourcecode.swift; path = PhotoCompressionView.swift; sourceTree = "<group>"; };
		CE76E2192B343D06006859E9 /* Strings+Generated.swift */ = {isa = PBXFileReference; fileEncoding = 4; lastKnownFileType = sourcecode.swift; path = "Strings+Generated.swift"; sourceTree = "<group>"; };
		CE76E21C2B343E10006859E9 /* en */ = {isa = PBXFileReference; lastKnownFileType = text.plist.strings; name = en; path = en.lproj/Localizable.strings; sourceTree = "<group>"; };
		CE76E21E2B343E45006859E9 /* ru */ = {isa = PBXFileReference; lastKnownFileType = text.plist.strings; name = ru; path = ru.lproj/Localizable.strings; sourceTree = "<group>"; };
		CE76E2202B3466F0006859E9 /* ChangeLanguageView.swift */ = {isa = PBXFileReference; lastKnownFileType = sourcecode.swift; path = ChangeLanguageView.swift; sourceTree = "<group>"; };
		CE7BCAC22B04EAB90015230C /* SwiftUIStudy.app */ = {isa = PBXFileReference; explicitFileType = wrapper.application; includeInIndex = 0; path = SwiftUIStudy.app; sourceTree = BUILT_PRODUCTS_DIR; };
		CE7BCAC52B04EAB90015230C /* SwiftUIStudyApp.swift */ = {isa = PBXFileReference; lastKnownFileType = sourcecode.swift; path = SwiftUIStudyApp.swift; sourceTree = "<group>"; };
		CE7BCAC72B04EAB90015230C /* ContentView.swift */ = {isa = PBXFileReference; lastKnownFileType = sourcecode.swift; path = ContentView.swift; sourceTree = "<group>"; };
		CE7BCAC92B04EABA0015230C /* Assets.xcassets */ = {isa = PBXFileReference; lastKnownFileType = folder.assetcatalog; path = Assets.xcassets; sourceTree = "<group>"; };
		CE7BCACB2B04EABA0015230C /* SwiftUIStudy.entitlements */ = {isa = PBXFileReference; lastKnownFileType = text.plist.entitlements; path = SwiftUIStudy.entitlements; sourceTree = "<group>"; };
		CE7BCACD2B04EABA0015230C /* Preview Assets.xcassets */ = {isa = PBXFileReference; lastKnownFileType = folder.assetcatalog; path = "Preview Assets.xcassets"; sourceTree = "<group>"; };
		CE7BCAD32B04EABA0015230C /* SwiftUIStudyTests.xctest */ = {isa = PBXFileReference; explicitFileType = wrapper.cfbundle; includeInIndex = 0; path = SwiftUIStudyTests.xctest; sourceTree = BUILT_PRODUCTS_DIR; };
		CE7BCAD72B04EABA0015230C /* SwiftUIStudyTests.swift */ = {isa = PBXFileReference; lastKnownFileType = sourcecode.swift; path = SwiftUIStudyTests.swift; sourceTree = "<group>"; };
		CE7BCADD2B04EABA0015230C /* SwiftUIStudyUITests.xctest */ = {isa = PBXFileReference; explicitFileType = wrapper.cfbundle; includeInIndex = 0; path = SwiftUIStudyUITests.xctest; sourceTree = BUILT_PRODUCTS_DIR; };
		CE7BCAE12B04EABA0015230C /* SwiftUIStudyUITests.swift */ = {isa = PBXFileReference; lastKnownFileType = sourcecode.swift; path = SwiftUIStudyUITests.swift; sourceTree = "<group>"; };
		CE7BCAE32B04EABA0015230C /* SwiftUIStudyUITestsLaunchTests.swift */ = {isa = PBXFileReference; lastKnownFileType = sourcecode.swift; path = SwiftUIStudyUITestsLaunchTests.swift; sourceTree = "<group>"; };
		CE7BCAF02B04F2AC0015230C /* Sidebar.swift */ = {isa = PBXFileReference; lastKnownFileType = sourcecode.swift; path = Sidebar.swift; sourceTree = "<group>"; };
		CE7BCAF22B0512EE0015230C /* NewTaskView.swift */ = {isa = PBXFileReference; lastKnownFileType = sourcecode.swift; path = NewTaskView.swift; sourceTree = "<group>"; };
		CEBC55782B05FCBF007F9B19 /* SidebarViewModel.swift */ = {isa = PBXFileReference; lastKnownFileType = sourcecode.swift; path = SidebarViewModel.swift; sourceTree = "<group>"; };
		CEBC557C2B05FDB6007F9B19 /* SidebarListModel.swift */ = {isa = PBXFileReference; lastKnownFileType = sourcecode.swift; path = SidebarListModel.swift; sourceTree = "<group>"; };
		CEBC55812B0617BD007F9B19 /* CoreDataView.swift */ = {isa = PBXFileReference; lastKnownFileType = sourcecode.swift; path = CoreDataView.swift; sourceTree = "<group>"; };
		CEBC55842B06424B007F9B19 /* Departments.xcdatamodel */ = {isa = PBXFileReference; lastKnownFileType = wrapper.xcdatamodel; path = Departments.xcdatamodel; sourceTree = "<group>"; };
		CEBC55882B0B3808007F9B19 /* CoreDataViewModel.swift */ = {isa = PBXFileReference; lastKnownFileType = sourcecode.swift; path = CoreDataViewModel.swift; sourceTree = "<group>"; };
		CEBC558C2B0B387B007F9B19 /* CoreDataManager.swift */ = {isa = PBXFileReference; lastKnownFileType = sourcecode.swift; path = CoreDataManager.swift; sourceTree = "<group>"; };
		CEC3272F2B29E4240078C5B2 /* ScheduleNotification.swift */ = {isa = PBXFileReference; lastKnownFileType = sourcecode.swift; path = ScheduleNotification.swift; sourceTree = "<group>"; };
		CEC3274B2B2AF4E80078C5B2 /* LocalNotificationManager.swift */ = {isa = PBXFileReference; lastKnownFileType = sourcecode.swift; path = LocalNotificationManager.swift; sourceTree = "<group>"; };
		CEC327592B2B30ED0078C5B2 /* GetStreamChatView.swift */ = {isa = PBXFileReference; lastKnownFileType = sourcecode.swift; path = GetStreamChatView.swift; sourceTree = "<group>"; };
		CEC3277F2B2C84C30078C5B2 /* GetStreamManager.swift */ = {isa = PBXFileReference; lastKnownFileType = sourcecode.swift; path = GetStreamManager.swift; sourceTree = "<group>"; };
		CEC327822B307A5B0078C5B2 /* GeoTrackView.swift */ = {isa = PBXFileReference; lastKnownFileType = sourcecode.swift; path = GeoTrackView.swift; sourceTree = "<group>"; };
		CEC327862B307E0C0078C5B2 /* GeoTrackViewModel.swift */ = {isa = PBXFileReference; lastKnownFileType = sourcecode.swift; path = GeoTrackViewModel.swift; sourceTree = "<group>"; };
/* End PBXFileReference section */

/* Begin PBXFrameworksBuildPhase section */
		CE5F58CB2B22FDCB008D91A1 /* Frameworks */ = {
			isa = PBXFrameworksBuildPhase;
			buildActionMask = 2147483647;
			files = (
				CE5F58D32B22FDCB008D91A1 /* SwiftUI.framework in Frameworks */,
				CE5F58D12B22FDCB008D91A1 /* WidgetKit.framework in Frameworks */,
			);
			runOnlyForDeploymentPostprocessing = 0;
		};
		CE7BCABF2B04EAB90015230C /* Frameworks */ = {
			isa = PBXFrameworksBuildPhase;
			buildActionMask = 2147483647;
			files = (
				CEC3275D2B2B34C50078C5B2 /* StreamChatSwiftUI in Frameworks */,
				CE0D61842B188FCD00E93536 /* Stinsen in Frameworks */,
				CE0D61812B186B1200E93536 /* KeychainSwift in Frameworks */,
				CE0647A52B0F959500FDEE12 /* Alamofire in Frameworks */,
				805513BBA2AEBC3A0D7AD40C /* libPods-SwiftUIStudy.a in Frameworks */,
			);
			runOnlyForDeploymentPostprocessing = 0;
		};
		CE7BCAD02B04EABA0015230C /* Frameworks */ = {
			isa = PBXFrameworksBuildPhase;
			buildActionMask = 2147483647;
			files = (
			);
			runOnlyForDeploymentPostprocessing = 0;
		};
		CE7BCADA2B04EABA0015230C /* Frameworks */ = {
			isa = PBXFrameworksBuildPhase;
			buildActionMask = 2147483647;
			files = (
			);
			runOnlyForDeploymentPostprocessing = 0;
		};
/* End PBXFrameworksBuildPhase section */

/* Begin PBXGroup section */
		02F1F9BFAC9BF2657F958024 /* Pods */ = {
			isa = PBXGroup;
			children = (
				5A62D88C996A7815DD6CABD2 /* Pods-SwiftUIStudy.debug.xcconfig */,
				1611D6096146EBD6FE934AC5 /* Pods-SwiftUIStudy.release.xcconfig */,
			);
			path = Pods;
			sourceTree = "<group>";
		};
		CE0647A02B0F926300FDEE12 /* Weather */ = {
			isa = PBXGroup;
			children = (
				CE0647A12B0F926E00FDEE12 /* WeatherView.swift */,
				CE0647B72B109D4A00FDEE12 /* WeatherViewModel.swift */,
				CE0647BB2B10A1AB00FDEE12 /* WeatherModel.swift */,
			);
			path = Weather;
			sourceTree = "<group>";
		};
		CE0647A92B107A8B00FDEE12 /* Network */ = {
			isa = PBXGroup;
			children = (
				CE0647AA2B107AA200FDEE12 /* NetworkManager.swift */,
				CE23A5572B1EFC0100DED654 /* WeatherNetworkGateway.swift */,
				CE23A5592B1EFC2200DED654 /* NetworkGatewayProtocol.swift */,
			);
			path = Network;
			sourceTree = "<group>";
		};
		CE0D617C2B186A5500E93536 /* Helpers */ = {
			isa = PBXGroup;
			children = (
				CE0D617D2B186A6000E93536 /* TokenStorage.swift */,
			);
			path = Helpers;
			sourceTree = "<group>";
		};
		CE0D61872B189B4000E93536 /* MainCoordinator */ = {
			isa = PBXGroup;
			children = (
				CE0D61882B189B5600E93536 /* MainCoordinator.swift */,
			);
			path = MainCoordinator;
			sourceTree = "<group>";
		};
		CE2A27CC2B0C98F9003F9601 /* SwiftData */ = {
			isa = PBXGroup;
			children = (
				CE2A27D42B0C9996003F9601 /* SwiftDataEntities.swift */,
				CE2A27CD2B0C994A003F9601 /* SwiftDataView.swift */,
				CE2A27CF2B0C9979003F9601 /* SwiftDataViewModel.swift */,
			);
			path = SwiftData;
			sourceTree = "<group>";
		};
		CE5962632B172093005BDEEB /* Services */ = {
			isa = PBXGroup;
			children = (
				CE5962642B17209E005BDEEB /* CameraService.swift */,
			);
			path = Services;
			sourceTree = "<group>";
		};
		CE5F58CF2B22FDCB008D91A1 /* Frameworks */ = {
			isa = PBXGroup;
			children = (
				CE5F58D02B22FDCB008D91A1 /* WidgetKit.framework */,
				CE5F58D22B22FDCB008D91A1 /* SwiftUI.framework */,
				70F864038B13D0AF578B7641 /* libPods-SwiftUIStudy.a */,
			);
			name = Frameworks;
			sourceTree = "<group>";
		};
		CE5F58D42B22FDCB008D91A1 /* Test */ = {
			isa = PBXGroup;
			children = (
				CE5F58D52B22FDCB008D91A1 /* TestBundle.swift */,
				CE5F58D72B22FDCB008D91A1 /* TestLiveActivity.swift */,
				CE5F58DB2B22FDCC008D91A1 /* Assets.xcassets */,
				CE5F58DD2B22FDCC008D91A1 /* Info.plist */,
			);
			path = Test;
			sourceTree = "<group>";
		};
		CE5F58E62B22FE78008D91A1 /* LiveActivity */ = {
			isa = PBXGroup;
			children = (
				CE5F58E72B22FEB0008D91A1 /* LiveActivityView.swift */,
			);
			path = LiveActivity;
			sourceTree = "<group>";
		};
		CE6329912B15C7620020D37F /* Inactive */ = {
			isa = PBXGroup;
			children = (
				CE6329922B15C77C0020D37F /* InactiveView.swift */,
			);
			path = Inactive;
			sourceTree = "<group>";
		};
		CE6329942B15CDD90020D37F /* PhotoCompression */ = {
			isa = PBXGroup;
			children = (
				CE59627E2B172926005BDEEB /* CamViewController.swift */,
				CE6329952B15CFAB0020D37F /* PhotoCompressionView.swift */,
			);
			path = PhotoCompression;
			sourceTree = "<group>";
		};
		CE71BDC82B343B0300FF9DD1 /* Localization */ = {
			isa = PBXGroup;
			children = (
				CE76E2192B343D06006859E9 /* Strings+Generated.swift */,
				CE76E21D2B343E10006859E9 /* Localizable.strings */,
			);
			path = Localization;
			sourceTree = "<group>";
		};
		CE76E21F2B3466E2006859E9 /* ChangeLanguage */ = {
			isa = PBXGroup;
			children = (
				CE76E2202B3466F0006859E9 /* ChangeLanguageView.swift */,
			);
			path = ChangeLanguage;
			sourceTree = "<group>";
		};
		CE7BCAB92B04EAB90015230C = {
			isa = PBXGroup;
			children = (
				CE7BCAC42B04EAB90015230C /* SwiftUIStudy */,
				CE7BCAD62B04EABA0015230C /* SwiftUIStudyTests */,
				CE7BCAE02B04EABA0015230C /* SwiftUIStudyUITests */,
				CE5F58D42B22FDCB008D91A1 /* Test */,
				CE5F58CF2B22FDCB008D91A1 /* Frameworks */,
				CE7BCAC32B04EAB90015230C /* Products */,
				02F1F9BFAC9BF2657F958024 /* Pods */,
			);
			sourceTree = "<group>";
		};
		CE7BCAC32B04EAB90015230C /* Products */ = {
			isa = PBXGroup;
			children = (
				CE7BCAC22B04EAB90015230C /* SwiftUIStudy.app */,
				CE7BCAD32B04EABA0015230C /* SwiftUIStudyTests.xctest */,
				CE7BCADD2B04EABA0015230C /* SwiftUIStudyUITests.xctest */,
				CE5F58CE2B22FDCB008D91A1 /* TestExtension.appex */,
			);
			name = Products;
			sourceTree = "<group>";
		};
		CE7BCAC42B04EAB90015230C /* SwiftUIStudy */ = {
			isa = PBXGroup;
			children = (
				CE0647BF2B14BF5600FDEE12 /* Info.plist */,
				CEBC558A2B0B384D007F9B19 /* Common */,
				CEBC557A2B05FD88007F9B19 /* Flows */,
				CE7BCAC52B04EAB90015230C /* SwiftUIStudyApp.swift */,
				CE7BCAC92B04EABA0015230C /* Assets.xcassets */,
				CE7BCACB2B04EABA0015230C /* SwiftUIStudy.entitlements */,
				CE7BCACC2B04EABA0015230C /* Preview Content */,
			);
			path = SwiftUIStudy;
			sourceTree = "<group>";
		};
		CE7BCACC2B04EABA0015230C /* Preview Content */ = {
			isa = PBXGroup;
			children = (
				CE7BCACD2B04EABA0015230C /* Preview Assets.xcassets */,
			);
			path = "Preview Content";
			sourceTree = "<group>";
		};
		CE7BCAD62B04EABA0015230C /* SwiftUIStudyTests */ = {
			isa = PBXGroup;
			children = (
				CE7BCAD72B04EABA0015230C /* SwiftUIStudyTests.swift */,
			);
			path = SwiftUIStudyTests;
			sourceTree = "<group>";
		};
		CE7BCAE02B04EABA0015230C /* SwiftUIStudyUITests */ = {
			isa = PBXGroup;
			children = (
				CE7BCAE12B04EABA0015230C /* SwiftUIStudyUITests.swift */,
				CE7BCAE32B04EABA0015230C /* SwiftUIStudyUITestsLaunchTests.swift */,
			);
			path = SwiftUIStudyUITests;
			sourceTree = "<group>";
		};
		CEBC557A2B05FD88007F9B19 /* Flows */ = {
			isa = PBXGroup;
			children = (
				CE76E21F2B3466E2006859E9 /* ChangeLanguage */,
				CEC327812B307A4E0078C5B2 /* GeoTrack */,
				CEC327582B2B30DE0078C5B2 /* GetStreamChat */,
				CEC3272E2B29E3F40078C5B2 /* ScheduleNotification */,
				CE5F58E62B22FE78008D91A1 /* LiveActivity */,
				CE6329942B15CDD90020D37F /* PhotoCompression */,
				CE6329912B15C7620020D37F /* Inactive */,
				CE0647A02B0F926300FDEE12 /* Weather */,
				CE2A27CC2B0C98F9003F9601 /* SwiftData */,
				CEBC55802B0617A0007F9B19 /* CoreData */,
				CEBC557F2B061487007F9B19 /* NewTask */,
				CEBC557E2B061453007F9B19 /* Content */,
				CEBC557B2B05FD9D007F9B19 /* Sidebar */,
			);
			path = Flows;
			sourceTree = "<group>";
		};
		CEBC557B2B05FD9D007F9B19 /* Sidebar */ = {
			isa = PBXGroup;
			children = (
				CE7BCAF02B04F2AC0015230C /* Sidebar.swift */,
				CEBC55782B05FCBF007F9B19 /* SidebarViewModel.swift */,
				CEBC557C2B05FDB6007F9B19 /* SidebarListModel.swift */,
			);
			path = Sidebar;
			sourceTree = "<group>";
		};
		CEBC557E2B061453007F9B19 /* Content */ = {
			isa = PBXGroup;
			children = (
				CE7BCAC72B04EAB90015230C /* ContentView.swift */,
				CE0D618A2B18AD0B00E93536 /* ContentCoordinator.swift */,
			);
			path = Content;
			sourceTree = "<group>";
		};
		CEBC557F2B061487007F9B19 /* NewTask */ = {
			isa = PBXGroup;
			children = (
				CE7BCAF22B0512EE0015230C /* NewTaskView.swift */,
			);
			path = NewTask;
			sourceTree = "<group>";
		};
		CEBC55802B0617A0007F9B19 /* CoreData */ = {
			isa = PBXGroup;
			children = (
				CEBC55832B06424B007F9B19 /* CoreDataStudy.xcdatamodeld */,
				CEBC55812B0617BD007F9B19 /* CoreDataView.swift */,
				CEBC55882B0B3808007F9B19 /* CoreDataViewModel.swift */,
			);
			path = CoreData;
			sourceTree = "<group>";
		};
		CEBC558A2B0B384D007F9B19 /* Common */ = {
			isa = PBXGroup;
			children = (
				CE71BDC82B343B0300FF9DD1 /* Localization */,
				CE0D61872B189B4000E93536 /* MainCoordinator */,
				CE0D617C2B186A5500E93536 /* Helpers */,
				CE5962632B172093005BDEEB /* Services */,
				CE0647A92B107A8B00FDEE12 /* Network */,
				CEBC558B2B0B3856007F9B19 /* Managers */,
			);
			path = Common;
			sourceTree = "<group>";
		};
		CEBC558B2B0B3856007F9B19 /* Managers */ = {
			isa = PBXGroup;
			children = (
				CEBC558C2B0B387B007F9B19 /* CoreDataManager.swift */,
				CE2A27D12B0C9983003F9601 /* SwiftDataManager.swift */,
				CE5962612B15F101005BDEEB /* AppStateManager.swift */,
				CEC3274B2B2AF4E80078C5B2 /* LocalNotificationManager.swift */,
				CEC3277F2B2C84C30078C5B2 /* GetStreamManager.swift */,
			);
			path = Managers;
			sourceTree = "<group>";
		};
		CEC3272E2B29E3F40078C5B2 /* ScheduleNotification */ = {
			isa = PBXGroup;
			children = (
				CEC3272F2B29E4240078C5B2 /* ScheduleNotification.swift */,
			);
			path = ScheduleNotification;
			sourceTree = "<group>";
		};
		CEC327582B2B30DE0078C5B2 /* GetStreamChat */ = {
			isa = PBXGroup;
			children = (
				CEC327592B2B30ED0078C5B2 /* GetStreamChatView.swift */,
			);
			path = GetStreamChat;
			sourceTree = "<group>";
		};
		CEC327812B307A4E0078C5B2 /* GeoTrack */ = {
			isa = PBXGroup;
			children = (
				CEC327822B307A5B0078C5B2 /* GeoTrackView.swift */,
				CEC327862B307E0C0078C5B2 /* GeoTrackViewModel.swift */,
				CE0230752B318D9100D5887D /* Coordinates.xcdatamodeld */,
			);
			path = GeoTrack;
			sourceTree = "<group>";
		};
/* End PBXGroup section */

/* Begin PBXNativeTarget section */
		CE5F58CD2B22FDCB008D91A1 /* TestExtension */ = {
			isa = PBXNativeTarget;
			buildConfigurationList = CE5F58E42B22FDCC008D91A1 /* Build configuration list for PBXNativeTarget "TestExtension" */;
			buildPhases = (
				CE5F58CA2B22FDCB008D91A1 /* Sources */,
				CE5F58CB2B22FDCB008D91A1 /* Frameworks */,
				CE5F58CC2B22FDCB008D91A1 /* Resources */,
			);
			buildRules = (
			);
			dependencies = (
			);
			name = TestExtension;
			productName = TestExtension;
			productReference = CE5F58CE2B22FDCB008D91A1 /* TestExtension.appex */;
			productType = "com.apple.product-type.app-extension";
		};
		CE7BCAC12B04EAB90015230C /* SwiftUIStudy */ = {
			isa = PBXNativeTarget;
			buildConfigurationList = CE7BCAE72B04EABA0015230C /* Build configuration list for PBXNativeTarget "SwiftUIStudy" */;
			buildPhases = (
				C149577DD5609DBF4B0D5560 /* [CP] Check Pods Manifest.lock */,
				CE7BCABE2B04EAB90015230C /* Sources */,
				CE7BCABF2B04EAB90015230C /* Frameworks */,
				CE7BCAC02B04EAB90015230C /* Resources */,
				CE5F58E12B22FDCC008D91A1 /* Embed Foundation Extensions */,
			);
			buildRules = (
			);
			dependencies = (
				CE5F58DF2B22FDCC008D91A1 /* PBXTargetDependency */,
			);
			name = SwiftUIStudy;
			packageProductDependencies = (
				CE0647A42B0F959500FDEE12 /* Alamofire */,
				CE0D61802B186B1200E93536 /* KeychainSwift */,
				CE0D61832B188FCD00E93536 /* Stinsen */,
				CEC3275C2B2B34C50078C5B2 /* StreamChatSwiftUI */,
			);
			productName = SwiftUIStudy;
			productReference = CE7BCAC22B04EAB90015230C /* SwiftUIStudy.app */;
			productType = "com.apple.product-type.application";
		};
		CE7BCAD22B04EABA0015230C /* SwiftUIStudyTests */ = {
			isa = PBXNativeTarget;
			buildConfigurationList = CE7BCAEA2B04EABA0015230C /* Build configuration list for PBXNativeTarget "SwiftUIStudyTests" */;
			buildPhases = (
				CE7BCACF2B04EABA0015230C /* Sources */,
				CE7BCAD02B04EABA0015230C /* Frameworks */,
				CE7BCAD12B04EABA0015230C /* Resources */,
			);
			buildRules = (
			);
			dependencies = (
				CE7BCAD52B04EABA0015230C /* PBXTargetDependency */,
			);
			name = SwiftUIStudyTests;
			productName = SwiftUIStudyTests;
			productReference = CE7BCAD32B04EABA0015230C /* SwiftUIStudyTests.xctest */;
			productType = "com.apple.product-type.bundle.unit-test";
		};
		CE7BCADC2B04EABA0015230C /* SwiftUIStudyUITests */ = {
			isa = PBXNativeTarget;
			buildConfigurationList = CE7BCAED2B04EABA0015230C /* Build configuration list for PBXNativeTarget "SwiftUIStudyUITests" */;
			buildPhases = (
				CE7BCAD92B04EABA0015230C /* Sources */,
				CE7BCADA2B04EABA0015230C /* Frameworks */,
				CE7BCADB2B04EABA0015230C /* Resources */,
			);
			buildRules = (
			);
			dependencies = (
				CE7BCADF2B04EABA0015230C /* PBXTargetDependency */,
			);
			name = SwiftUIStudyUITests;
			productName = SwiftUIStudyUITests;
			productReference = CE7BCADD2B04EABA0015230C /* SwiftUIStudyUITests.xctest */;
			productType = "com.apple.product-type.bundle.ui-testing";
		};
/* End PBXNativeTarget section */

/* Begin PBXProject section */
		CE7BCABA2B04EAB90015230C /* Project object */ = {
			isa = PBXProject;
			attributes = {
				BuildIndependentTargetsInParallel = 1;
				LastSwiftUpdateCheck = 1500;
				LastUpgradeCheck = 1430;
				TargetAttributes = {
					CE5F58CD2B22FDCB008D91A1 = {
						CreatedOnToolsVersion = 15.0.1;
					};
					CE7BCAC12B04EAB90015230C = {
						CreatedOnToolsVersion = 14.3.1;
						LastSwiftMigration = 1500;
					};
					CE7BCAD22B04EABA0015230C = {
						CreatedOnToolsVersion = 14.3.1;
						TestTargetID = CE7BCAC12B04EAB90015230C;
					};
					CE7BCADC2B04EABA0015230C = {
						CreatedOnToolsVersion = 14.3.1;
						TestTargetID = CE7BCAC12B04EAB90015230C;
					};
				};
			};
			buildConfigurationList = CE7BCABD2B04EAB90015230C /* Build configuration list for PBXProject "SwiftUIStudy" */;
			compatibilityVersion = "Xcode 14.0";
			developmentRegion = en;
			hasScannedForEncodings = 0;
			knownRegions = (
				en,
				Base,
				ru,
			);
			mainGroup = CE7BCAB92B04EAB90015230C;
			packageReferences = (
				CE0647A32B0F959500FDEE12 /* XCRemoteSwiftPackageReference "Alamofire" */,
				CE0D617F2B186B1200E93536 /* XCRemoteSwiftPackageReference "keychain-swift" */,
				CE0D61822B188FCD00E93536 /* XCRemoteSwiftPackageReference "stinsen" */,
				CEC3275B2B2B34C40078C5B2 /* XCRemoteSwiftPackageReference "stream-chat-swiftui" */,
			);
			productRefGroup = CE7BCAC32B04EAB90015230C /* Products */;
			projectDirPath = "";
			projectRoot = "";
			targets = (
				CE7BCAC12B04EAB90015230C /* SwiftUIStudy */,
				CE7BCAD22B04EABA0015230C /* SwiftUIStudyTests */,
				CE7BCADC2B04EABA0015230C /* SwiftUIStudyUITests */,
				CE5F58CD2B22FDCB008D91A1 /* TestExtension */,
			);
		};
/* End PBXProject section */

/* Begin PBXResourcesBuildPhase section */
		CE5F58CC2B22FDCB008D91A1 /* Resources */ = {
			isa = PBXResourcesBuildPhase;
			buildActionMask = 2147483647;
			files = (
				CE5F58DC2B22FDCC008D91A1 /* Assets.xcassets in Resources */,
			);
			runOnlyForDeploymentPostprocessing = 0;
		};
		CE7BCAC02B04EAB90015230C /* Resources */ = {
			isa = PBXResourcesBuildPhase;
			buildActionMask = 2147483647;
			files = (
				CE7BCACE2B04EABA0015230C /* Preview Assets.xcassets in Resources */,
				CE76E21B2B343E10006859E9 /* Localizable.strings in Resources */,
				CE7BCACA2B04EABA0015230C /* Assets.xcassets in Resources */,
			);
			runOnlyForDeploymentPostprocessing = 0;
		};
		CE7BCAD12B04EABA0015230C /* Resources */ = {
			isa = PBXResourcesBuildPhase;
			buildActionMask = 2147483647;
			files = (
			);
			runOnlyForDeploymentPostprocessing = 0;
		};
		CE7BCADB2B04EABA0015230C /* Resources */ = {
			isa = PBXResourcesBuildPhase;
			buildActionMask = 2147483647;
			files = (
			);
			runOnlyForDeploymentPostprocessing = 0;
		};
/* End PBXResourcesBuildPhase section */

/* Begin PBXShellScriptBuildPhase section */
		C149577DD5609DBF4B0D5560 /* [CP] Check Pods Manifest.lock */ = {
			isa = PBXShellScriptBuildPhase;
			buildActionMask = 2147483647;
			files = (
			);
			inputFileListPaths = (
			);
			inputPaths = (
				"${PODS_PODFILE_DIR_PATH}/Podfile.lock",
				"${PODS_ROOT}/Manifest.lock",
			);
			name = "[CP] Check Pods Manifest.lock";
			outputFileListPaths = (
			);
			outputPaths = (
				"$(DERIVED_FILE_DIR)/Pods-SwiftUIStudy-checkManifestLockResult.txt",
			);
			runOnlyForDeploymentPostprocessing = 0;
			shellPath = /bin/sh;
			shellScript = "diff \"${PODS_PODFILE_DIR_PATH}/Podfile.lock\" \"${PODS_ROOT}/Manifest.lock\" > /dev/null\nif [ $? != 0 ] ; then\n    # print error to STDERR\n    echo \"error: The sandbox is not in sync with the Podfile.lock. Run 'pod install' or update your CocoaPods installation.\" >&2\n    exit 1\nfi\n# This output is used by Xcode 'outputs' to avoid re-running this script phase.\necho \"SUCCESS\" > \"${SCRIPT_OUTPUT_FILE_0}\"\n";
			showEnvVarsInLog = 0;
		};
/* End PBXShellScriptBuildPhase section */

/* Begin PBXSourcesBuildPhase section */
		CE5F58CA2B22FDCB008D91A1 /* Sources */ = {
			isa = PBXSourcesBuildPhase;
			buildActionMask = 2147483647;
			files = (
				CE5F58D82B22FDCB008D91A1 /* TestLiveActivity.swift in Sources */,
				CE5F58D62B22FDCB008D91A1 /* TestBundle.swift in Sources */,
			);
			runOnlyForDeploymentPostprocessing = 0;
		};
		CE7BCABE2B04EAB90015230C /* Sources */ = {
			isa = PBXSourcesBuildPhase;
			buildActionMask = 2147483647;
			files = (
				CEC327832B307A5B0078C5B2 /* GeoTrackView.swift in Sources */,
				CE5F58E52B22FDD0008D91A1 /* TestLiveActivity.swift in Sources */,
				CEC327872B307E0C0078C5B2 /* GeoTrackViewModel.swift in Sources */,
				CE0230772B318D9100D5887D /* Coordinates.xcdatamodeld in Sources */,
				CE0647A22B0F926E00FDEE12 /* WeatherView.swift in Sources */,
				CE23A55A2B1EFC2200DED654 /* NetworkGatewayProtocol.swift in Sources */,
				CE2A27D52B0C9996003F9601 /* SwiftDataEntities.swift in Sources */,
				CE7BCAF32B0512EE0015230C /* NewTaskView.swift in Sources */,
				CEBC55822B0617BD007F9B19 /* CoreDataView.swift in Sources */,
				CEC3274C2B2AF4E80078C5B2 /* LocalNotificationManager.swift in Sources */,
				CE23A5582B1EFC0100DED654 /* WeatherNetworkGateway.swift in Sources */,
				CE5962622B15F101005BDEEB /* AppStateManager.swift in Sources */,
				CE0647AB2B107AA200FDEE12 /* NetworkManager.swift in Sources */,
				CE5962652B17209E005BDEEB /* CameraService.swift in Sources */,
				CEBC55792B05FCBF007F9B19 /* SidebarViewModel.swift in Sources */,
				CEC327302B29E4240078C5B2 /* ScheduleNotification.swift in Sources */,
				CE7BCAC82B04EAB90015230C /* ContentView.swift in Sources */,
				CE6329932B15C77C0020D37F /* InactiveView.swift in Sources */,
				CEC3275A2B2B30ED0078C5B2 /* GetStreamChatView.swift in Sources */,
				CEBC55892B0B3808007F9B19 /* CoreDataViewModel.swift in Sources */,
				CE76E21A2B343D06006859E9 /* Strings+Generated.swift in Sources */,
				CE5962842B172926005BDEEB /* CamViewController.swift in Sources */,
				CEC327802B2C84C30078C5B2 /* GetStreamManager.swift in Sources */,
				CE0647B82B109D4A00FDEE12 /* WeatherViewModel.swift in Sources */,
				CE0D61892B189B5600E93536 /* MainCoordinator.swift in Sources */,
				CE7BCAF12B04F2AC0015230C /* Sidebar.swift in Sources */,
				CEBC557D2B05FDB6007F9B19 /* SidebarListModel.swift in Sources */,
				CE6329962B15CFAB0020D37F /* PhotoCompressionView.swift in Sources */,
				CE7BCAC62B04EAB90015230C /* SwiftUIStudyApp.swift in Sources */,
				CE2A27CE2B0C994A003F9601 /* SwiftDataView.swift in Sources */,
				CEBC558D2B0B387B007F9B19 /* CoreDataManager.swift in Sources */,
				CE0D617E2B186A6000E93536 /* TokenStorage.swift in Sources */,
				CE0647BC2B10A1AB00FDEE12 /* WeatherModel.swift in Sources */,
				CE76E2212B3466F0006859E9 /* ChangeLanguageView.swift in Sources */,
				CE0D618B2B18AD0B00E93536 /* ContentCoordinator.swift in Sources */,
				CE2A27D02B0C9979003F9601 /* SwiftDataViewModel.swift in Sources */,
				CE5F58E82B22FEB0008D91A1 /* LiveActivityView.swift in Sources */,
				CEBC55852B06424B007F9B19 /* CoreDataStudy.xcdatamodeld in Sources */,
				CE2A27D22B0C9983003F9601 /* SwiftDataManager.swift in Sources */,
			);
			runOnlyForDeploymentPostprocessing = 0;
		};
		CE7BCACF2B04EABA0015230C /* Sources */ = {
			isa = PBXSourcesBuildPhase;
			buildActionMask = 2147483647;
			files = (
				CEACB7772B205E7D004144B7 /* PhotoCompressionView.swift in Sources */,
				CEACB7782B205F73004144B7 /* AppStateManager.swift in Sources */,
				CEACB77B2B205FA9004144B7 /* CameraService.swift in Sources */,
				CEACB77A2B205F98004144B7 /* InactiveView.swift in Sources */,
				CEACB7792B205F8D004144B7 /* CamViewController.swift in Sources */,
				CE7BCAD82B04EABA0015230C /* SwiftUIStudyTests.swift in Sources */,
			);
			runOnlyForDeploymentPostprocessing = 0;
		};
		CE7BCAD92B04EABA0015230C /* Sources */ = {
			isa = PBXSourcesBuildPhase;
			buildActionMask = 2147483647;
			files = (
				CE7BCAE42B04EABA0015230C /* SwiftUIStudyUITestsLaunchTests.swift in Sources */,
				CE7BCAE22B04EABA0015230C /* SwiftUIStudyUITests.swift in Sources */,
			);
			runOnlyForDeploymentPostprocessing = 0;
		};
/* End PBXSourcesBuildPhase section */

/* Begin PBXTargetDependency section */
		CE5F58DF2B22FDCC008D91A1 /* PBXTargetDependency */ = {
			isa = PBXTargetDependency;
			target = CE5F58CD2B22FDCB008D91A1 /* TestExtension */;
			targetProxy = CE5F58DE2B22FDCC008D91A1 /* PBXContainerItemProxy */;
		};
		CE7BCAD52B04EABA0015230C /* PBXTargetDependency */ = {
			isa = PBXTargetDependency;
			target = CE7BCAC12B04EAB90015230C /* SwiftUIStudy */;
			targetProxy = CE7BCAD42B04EABA0015230C /* PBXContainerItemProxy */;
		};
		CE7BCADF2B04EABA0015230C /* PBXTargetDependency */ = {
			isa = PBXTargetDependency;
			target = CE7BCAC12B04EAB90015230C /* SwiftUIStudy */;
			targetProxy = CE7BCADE2B04EABA0015230C /* PBXContainerItemProxy */;
		};
/* End PBXTargetDependency section */

/* Begin PBXVariantGroup section */
		CE76E21D2B343E10006859E9 /* Localizable.strings */ = {
			isa = PBXVariantGroup;
			children = (
				CE76E21C2B343E10006859E9 /* en */,
				CE76E21E2B343E45006859E9 /* ru */,
			);
			name = Localizable.strings;
			sourceTree = "<group>";
		};
/* End PBXVariantGroup section */

/* Begin XCBuildConfiguration section */
		CE5F58E22B22FDCC008D91A1 /* Debug */ = {
			isa = XCBuildConfiguration;
			buildSettings = {
				ASSETCATALOG_COMPILER_GENERATE_SWIFT_ASSET_SYMBOL_EXTENSIONS = YES;
				ASSETCATALOG_COMPILER_GLOBAL_ACCENT_COLOR_NAME = AccentColor;
				ASSETCATALOG_COMPILER_WIDGET_BACKGROUND_COLOR_NAME = WidgetBackground;
				CODE_SIGN_STYLE = Automatic;
				CURRENT_PROJECT_VERSION = 1;
				DEVELOPMENT_TEAM = S73TSZ5DWG;
				ENABLE_USER_SCRIPT_SANDBOXING = YES;
				GCC_C_LANGUAGE_STANDARD = gnu17;
				GENERATE_INFOPLIST_FILE = YES;
				INFOPLIST_FILE = Test/Info.plist;
				INFOPLIST_KEY_CFBundleDisplayName = Test;
				INFOPLIST_KEY_NSHumanReadableCopyright = "";
				IPHONEOS_DEPLOYMENT_TARGET = 17.0;
				LD_RUNPATH_SEARCH_PATHS = (
					"$(inherited)",
					"@executable_path/Frameworks",
					"@executable_path/../../Frameworks",
				);
				LOCALIZATION_PREFERS_STRING_CATALOGS = YES;
				MARKETING_VERSION = 1.0;
				PRODUCT_BUNDLE_IDENTIFIER = fojin.SwiftUIStudy.Test;
				PRODUCT_NAME = "$(TARGET_NAME)";
				SDKROOT = iphoneos;
				SKIP_INSTALL = YES;
				SWIFT_ACTIVE_COMPILATION_CONDITIONS = "DEBUG $(inherited)";
				SWIFT_EMIT_LOC_STRINGS = YES;
				SWIFT_VERSION = 5.0;
				TARGETED_DEVICE_FAMILY = "1,2";
			};
			name = Debug;
		};
		CE5F58E32B22FDCC008D91A1 /* Release */ = {
			isa = XCBuildConfiguration;
			buildSettings = {
				ASSETCATALOG_COMPILER_GENERATE_SWIFT_ASSET_SYMBOL_EXTENSIONS = YES;
				ASSETCATALOG_COMPILER_GLOBAL_ACCENT_COLOR_NAME = AccentColor;
				ASSETCATALOG_COMPILER_WIDGET_BACKGROUND_COLOR_NAME = WidgetBackground;
				CODE_SIGN_STYLE = Automatic;
				CURRENT_PROJECT_VERSION = 1;
				DEVELOPMENT_TEAM = S73TSZ5DWG;
				ENABLE_USER_SCRIPT_SANDBOXING = YES;
				GCC_C_LANGUAGE_STANDARD = gnu17;
				GENERATE_INFOPLIST_FILE = YES;
				INFOPLIST_FILE = Test/Info.plist;
				INFOPLIST_KEY_CFBundleDisplayName = Test;
				INFOPLIST_KEY_NSHumanReadableCopyright = "";
				IPHONEOS_DEPLOYMENT_TARGET = 17.0;
				LD_RUNPATH_SEARCH_PATHS = (
					"$(inherited)",
					"@executable_path/Frameworks",
					"@executable_path/../../Frameworks",
				);
				LOCALIZATION_PREFERS_STRING_CATALOGS = YES;
				MARKETING_VERSION = 1.0;
				PRODUCT_BUNDLE_IDENTIFIER = fojin.SwiftUIStudy.Test;
				PRODUCT_NAME = "$(TARGET_NAME)";
				SDKROOT = iphoneos;
				SKIP_INSTALL = YES;
				SWIFT_EMIT_LOC_STRINGS = YES;
				SWIFT_VERSION = 5.0;
				TARGETED_DEVICE_FAMILY = "1,2";
				VALIDATE_PRODUCT = YES;
			};
			name = Release;
		};
		CE7BCAE52B04EABA0015230C /* Debug */ = {
			isa = XCBuildConfiguration;
			buildSettings = {
				ALWAYS_SEARCH_USER_PATHS = NO;
				CLANG_ANALYZER_LOCALIZABILITY_NONLOCALIZED = YES;
				CLANG_ANALYZER_NONNULL = YES;
				CLANG_ANALYZER_NUMBER_OBJECT_CONVERSION = YES_AGGRESSIVE;
				CLANG_CXX_LANGUAGE_STANDARD = "gnu++20";
				CLANG_ENABLE_MODULES = YES;
				CLANG_ENABLE_OBJC_ARC = YES;
				CLANG_ENABLE_OBJC_WEAK = YES;
				CLANG_WARN_BLOCK_CAPTURE_AUTORELEASING = YES;
				CLANG_WARN_BOOL_CONVERSION = YES;
				CLANG_WARN_COMMA = YES;
				CLANG_WARN_CONSTANT_CONVERSION = YES;
				CLANG_WARN_DEPRECATED_OBJC_IMPLEMENTATIONS = YES;
				CLANG_WARN_DIRECT_OBJC_ISA_USAGE = YES_ERROR;
				CLANG_WARN_DOCUMENTATION_COMMENTS = YES;
				CLANG_WARN_EMPTY_BODY = YES;
				CLANG_WARN_ENUM_CONVERSION = YES;
				CLANG_WARN_INFINITE_RECURSION = YES;
				CLANG_WARN_INT_CONVERSION = YES;
				CLANG_WARN_NON_LITERAL_NULL_CONVERSION = YES;
				CLANG_WARN_OBJC_IMPLICIT_RETAIN_SELF = YES;
				CLANG_WARN_OBJC_LITERAL_CONVERSION = YES;
				CLANG_WARN_OBJC_ROOT_CLASS = YES_ERROR;
				CLANG_WARN_QUOTED_INCLUDE_IN_FRAMEWORK_HEADER = YES;
				CLANG_WARN_RANGE_LOOP_ANALYSIS = YES;
				CLANG_WARN_STRICT_PROTOTYPES = YES;
				CLANG_WARN_SUSPICIOUS_MOVE = YES;
				CLANG_WARN_UNGUARDED_AVAILABILITY = YES_AGGRESSIVE;
				CLANG_WARN_UNREACHABLE_CODE = YES;
				CLANG_WARN__DUPLICATE_METHOD_MATCH = YES;
				COPY_PHASE_STRIP = NO;
				DEBUG_INFORMATION_FORMAT = dwarf;
				ENABLE_STRICT_OBJC_MSGSEND = YES;
				ENABLE_TESTABILITY = YES;
				GCC_C_LANGUAGE_STANDARD = gnu11;
				GCC_DYNAMIC_NO_PIC = NO;
				GCC_NO_COMMON_BLOCKS = YES;
				GCC_OPTIMIZATION_LEVEL = 0;
				GCC_PREPROCESSOR_DEFINITIONS = (
					"DEBUG=1",
					"$(inherited)",
				);
				GCC_WARN_64_TO_32_BIT_CONVERSION = YES;
				GCC_WARN_ABOUT_RETURN_TYPE = YES_ERROR;
				GCC_WARN_UNDECLARED_SELECTOR = YES;
				GCC_WARN_UNINITIALIZED_AUTOS = YES_AGGRESSIVE;
				GCC_WARN_UNUSED_FUNCTION = YES;
				GCC_WARN_UNUSED_VARIABLE = YES;
				MTL_ENABLE_DEBUG_INFO = INCLUDE_SOURCE;
				MTL_FAST_MATH = YES;
				ONLY_ACTIVE_ARCH = YES;
				SWIFT_ACTIVE_COMPILATION_CONDITIONS = DEBUG;
				SWIFT_OPTIMIZATION_LEVEL = "-Onone";
			};
			name = Debug;
		};
		CE7BCAE62B04EABA0015230C /* Release */ = {
			isa = XCBuildConfiguration;
			buildSettings = {
				ALWAYS_SEARCH_USER_PATHS = NO;
				CLANG_ANALYZER_LOCALIZABILITY_NONLOCALIZED = YES;
				CLANG_ANALYZER_NONNULL = YES;
				CLANG_ANALYZER_NUMBER_OBJECT_CONVERSION = YES_AGGRESSIVE;
				CLANG_CXX_LANGUAGE_STANDARD = "gnu++20";
				CLANG_ENABLE_MODULES = YES;
				CLANG_ENABLE_OBJC_ARC = YES;
				CLANG_ENABLE_OBJC_WEAK = YES;
				CLANG_WARN_BLOCK_CAPTURE_AUTORELEASING = YES;
				CLANG_WARN_BOOL_CONVERSION = YES;
				CLANG_WARN_COMMA = YES;
				CLANG_WARN_CONSTANT_CONVERSION = YES;
				CLANG_WARN_DEPRECATED_OBJC_IMPLEMENTATIONS = YES;
				CLANG_WARN_DIRECT_OBJC_ISA_USAGE = YES_ERROR;
				CLANG_WARN_DOCUMENTATION_COMMENTS = YES;
				CLANG_WARN_EMPTY_BODY = YES;
				CLANG_WARN_ENUM_CONVERSION = YES;
				CLANG_WARN_INFINITE_RECURSION = YES;
				CLANG_WARN_INT_CONVERSION = YES;
				CLANG_WARN_NON_LITERAL_NULL_CONVERSION = YES;
				CLANG_WARN_OBJC_IMPLICIT_RETAIN_SELF = YES;
				CLANG_WARN_OBJC_LITERAL_CONVERSION = YES;
				CLANG_WARN_OBJC_ROOT_CLASS = YES_ERROR;
				CLANG_WARN_QUOTED_INCLUDE_IN_FRAMEWORK_HEADER = YES;
				CLANG_WARN_RANGE_LOOP_ANALYSIS = YES;
				CLANG_WARN_STRICT_PROTOTYPES = YES;
				CLANG_WARN_SUSPICIOUS_MOVE = YES;
				CLANG_WARN_UNGUARDED_AVAILABILITY = YES_AGGRESSIVE;
				CLANG_WARN_UNREACHABLE_CODE = YES;
				CLANG_WARN__DUPLICATE_METHOD_MATCH = YES;
				COPY_PHASE_STRIP = NO;
				DEBUG_INFORMATION_FORMAT = "dwarf-with-dsym";
				ENABLE_NS_ASSERTIONS = NO;
				ENABLE_STRICT_OBJC_MSGSEND = YES;
				GCC_C_LANGUAGE_STANDARD = gnu11;
				GCC_NO_COMMON_BLOCKS = YES;
				GCC_WARN_64_TO_32_BIT_CONVERSION = YES;
				GCC_WARN_ABOUT_RETURN_TYPE = YES_ERROR;
				GCC_WARN_UNDECLARED_SELECTOR = YES;
				GCC_WARN_UNINITIALIZED_AUTOS = YES_AGGRESSIVE;
				GCC_WARN_UNUSED_FUNCTION = YES;
				GCC_WARN_UNUSED_VARIABLE = YES;
				MTL_ENABLE_DEBUG_INFO = NO;
				MTL_FAST_MATH = YES;
				SWIFT_COMPILATION_MODE = wholemodule;
				SWIFT_OPTIMIZATION_LEVEL = "-O";
			};
			name = Release;
		};
		CE7BCAE82B04EABA0015230C /* Debug */ = {
			isa = XCBuildConfiguration;
			baseConfigurationReference = 5A62D88C996A7815DD6CABD2 /* Pods-SwiftUIStudy.debug.xcconfig */;
			buildSettings = {
				ALWAYS_EMBED_SWIFT_STANDARD_LIBRARIES = YES;
				ASSETCATALOG_COMPILER_APPICON_NAME = AppIcon;
				ASSETCATALOG_COMPILER_GLOBAL_ACCENT_COLOR_NAME = AccentColor;
				CLANG_ENABLE_MODULES = YES;
				CODE_SIGN_ENTITLEMENTS = SwiftUIStudy/SwiftUIStudy.entitlements;
				CODE_SIGN_STYLE = Automatic;
				CURRENT_PROJECT_VERSION = 1;
				DEVELOPMENT_ASSET_PATHS = "\"SwiftUIStudy/Preview Content\"";
				DEVELOPMENT_TEAM = S73TSZ5DWG;
				ENABLE_HARDENED_RUNTIME = YES;
				ENABLE_PREVIEWS = YES;
				GENERATE_INFOPLIST_FILE = YES;
				INFOPLIST_FILE = SwiftUIStudy/Info.plist;
				INFOPLIST_KEY_NSCameraUsageDescription = "Используйте камеру для создания фотографий";
				INFOPLIST_KEY_NSLocationAlwaysAndWhenInUseUsageDescription = "Разрешите доступ приложению к геолокации для предоставления данных о погоде";
				INFOPLIST_KEY_NSLocationWhenInUseUsageDescription = "Разрешите доступ приложению к геолокации для предоставления данных о погоде";
				INFOPLIST_KEY_NSSupportsLiveActivities = YES;
				"INFOPLIST_KEY_UIApplicationSceneManifest_Generation[sdk=iphoneos*]" = YES;
				"INFOPLIST_KEY_UIApplicationSceneManifest_Generation[sdk=iphonesimulator*]" = YES;
				"INFOPLIST_KEY_UIApplicationSupportsIndirectInputEvents[sdk=iphoneos*]" = YES;
				"INFOPLIST_KEY_UIApplicationSupportsIndirectInputEvents[sdk=iphonesimulator*]" = YES;
				"INFOPLIST_KEY_UILaunchScreen_Generation[sdk=iphoneos*]" = YES;
				"INFOPLIST_KEY_UILaunchScreen_Generation[sdk=iphonesimulator*]" = YES;
				"INFOPLIST_KEY_UIStatusBarStyle[sdk=iphoneos*]" = UIStatusBarStyleDefault;
				"INFOPLIST_KEY_UIStatusBarStyle[sdk=iphonesimulator*]" = UIStatusBarStyleDefault;
				INFOPLIST_KEY_UISupportedInterfaceOrientations_iPad = "UIInterfaceOrientationPortrait UIInterfaceOrientationPortraitUpsideDown UIInterfaceOrientationLandscapeLeft UIInterfaceOrientationLandscapeRight";
				INFOPLIST_KEY_UISupportedInterfaceOrientations_iPhone = "UIInterfaceOrientationPortrait UIInterfaceOrientationLandscapeLeft UIInterfaceOrientationLandscapeRight";
				IPHONEOS_DEPLOYMENT_TARGET = 17.0;
				LD_RUNPATH_SEARCH_PATHS = "@executable_path/Frameworks";
				"LD_RUNPATH_SEARCH_PATHS[sdk=macosx*]" = "@executable_path/../Frameworks";
				MACOSX_DEPLOYMENT_TARGET = 14.0;
				MARKETING_VERSION = 1.0;
				OTHER_LDFLAGS = (
					"$(inherited)",
					"-ObjC",
					"-fprofile-instr-generate",
				);
				PRODUCT_BUNDLE_IDENTIFIER = fojin.SwiftUIStudy;
				PRODUCT_NAME = "$(TARGET_NAME)";
				SDKROOT = auto;
				SUPPORTED_PLATFORMS = "iphoneos iphonesimulator macosx";
				SWIFT_EMIT_LOC_STRINGS = YES;
				SWIFT_VERSION = 5.0;
				TARGETED_DEVICE_FAMILY = "1,2";
			};
			name = Debug;
		};
		CE7BCAE92B04EABA0015230C /* Release */ = {
			isa = XCBuildConfiguration;
			baseConfigurationReference = 1611D6096146EBD6FE934AC5 /* Pods-SwiftUIStudy.release.xcconfig */;
			buildSettings = {
				ALWAYS_EMBED_SWIFT_STANDARD_LIBRARIES = YES;
				ASSETCATALOG_COMPILER_APPICON_NAME = AppIcon;
				ASSETCATALOG_COMPILER_GLOBAL_ACCENT_COLOR_NAME = AccentColor;
				CLANG_ENABLE_MODULES = YES;
				CODE_SIGN_ENTITLEMENTS = SwiftUIStudy/SwiftUIStudy.entitlements;
				CODE_SIGN_STYLE = Automatic;
				CURRENT_PROJECT_VERSION = 1;
				DEVELOPMENT_ASSET_PATHS = "\"SwiftUIStudy/Preview Content\"";
				DEVELOPMENT_TEAM = S73TSZ5DWG;
				ENABLE_HARDENED_RUNTIME = YES;
				ENABLE_PREVIEWS = YES;
				GENERATE_INFOPLIST_FILE = YES;
				INFOPLIST_FILE = SwiftUIStudy/Info.plist;
				INFOPLIST_KEY_NSCameraUsageDescription = "Используйте камеру для создания фотографий";
				INFOPLIST_KEY_NSLocationAlwaysAndWhenInUseUsageDescription = "Разрешите доступ приложению к геолокации для предоставления данных о погоде";
				INFOPLIST_KEY_NSLocationWhenInUseUsageDescription = "Разрешите доступ приложению к геолокации для предоставления данных о погоде";
				INFOPLIST_KEY_NSSupportsLiveActivities = YES;
				"INFOPLIST_KEY_UIApplicationSceneManifest_Generation[sdk=iphoneos*]" = YES;
				"INFOPLIST_KEY_UIApplicationSceneManifest_Generation[sdk=iphonesimulator*]" = YES;
				"INFOPLIST_KEY_UIApplicationSupportsIndirectInputEvents[sdk=iphoneos*]" = YES;
				"INFOPLIST_KEY_UIApplicationSupportsIndirectInputEvents[sdk=iphonesimulator*]" = YES;
				"INFOPLIST_KEY_UILaunchScreen_Generation[sdk=iphoneos*]" = YES;
				"INFOPLIST_KEY_UILaunchScreen_Generation[sdk=iphonesimulator*]" = YES;
				"INFOPLIST_KEY_UIStatusBarStyle[sdk=iphoneos*]" = UIStatusBarStyleDefault;
				"INFOPLIST_KEY_UIStatusBarStyle[sdk=iphonesimulator*]" = UIStatusBarStyleDefault;
				INFOPLIST_KEY_UISupportedInterfaceOrientations_iPad = "UIInterfaceOrientationPortrait UIInterfaceOrientationPortraitUpsideDown UIInterfaceOrientationLandscapeLeft UIInterfaceOrientationLandscapeRight";
				INFOPLIST_KEY_UISupportedInterfaceOrientations_iPhone = "UIInterfaceOrientationPortrait UIInterfaceOrientationLandscapeLeft UIInterfaceOrientationLandscapeRight";
				IPHONEOS_DEPLOYMENT_TARGET = 17.0;
				LD_RUNPATH_SEARCH_PATHS = "@executable_path/Frameworks";
				"LD_RUNPATH_SEARCH_PATHS[sdk=macosx*]" = "@executable_path/../Frameworks";
				MACOSX_DEPLOYMENT_TARGET = 14.0;
				MARKETING_VERSION = 1.0;
				PRODUCT_BUNDLE_IDENTIFIER = fojin.SwiftUIStudy;
				PRODUCT_NAME = "$(TARGET_NAME)";
				SDKROOT = auto;
				SUPPORTED_PLATFORMS = "iphoneos iphonesimulator macosx";
				SWIFT_EMIT_LOC_STRINGS = YES;
				SWIFT_VERSION = 5.0;
				TARGETED_DEVICE_FAMILY = "1,2";
			};
			name = Release;
		};
		CE7BCAEB2B04EABA0015230C /* Debug */ = {
			isa = XCBuildConfiguration;
			buildSettings = {
				ALWAYS_EMBED_SWIFT_STANDARD_LIBRARIES = YES;
				BUNDLE_LOADER = "$(TEST_HOST)";
				CODE_SIGN_STYLE = Automatic;
				CURRENT_PROJECT_VERSION = 1;
				DEVELOPMENT_TEAM = S73TSZ5DWG;
				GENERATE_INFOPLIST_FILE = YES;
				IPHONEOS_DEPLOYMENT_TARGET = 16.4;
				MACOSX_DEPLOYMENT_TARGET = 13.3;
				MARKETING_VERSION = 1.0;
				PRODUCT_BUNDLE_IDENTIFIER = fojin.SwiftUIStudyTests;
				PRODUCT_NAME = "$(TARGET_NAME)";
				SDKROOT = auto;
				SUPPORTED_PLATFORMS = "iphoneos iphonesimulator macosx";
				SWIFT_EMIT_LOC_STRINGS = NO;
				SWIFT_VERSION = 5.0;
				TARGETED_DEVICE_FAMILY = "1,2";
				TEST_HOST = "$(BUILT_PRODUCTS_DIR)/SwiftUIStudy.app/$(BUNDLE_EXECUTABLE_FOLDER_PATH)/SwiftUIStudy";
			};
			name = Debug;
		};
		CE7BCAEC2B04EABA0015230C /* Release */ = {
			isa = XCBuildConfiguration;
			buildSettings = {
				ALWAYS_EMBED_SWIFT_STANDARD_LIBRARIES = YES;
				BUNDLE_LOADER = "$(TEST_HOST)";
				CODE_SIGN_STYLE = Automatic;
				CURRENT_PROJECT_VERSION = 1;
				DEVELOPMENT_TEAM = S73TSZ5DWG;
				GENERATE_INFOPLIST_FILE = YES;
				IPHONEOS_DEPLOYMENT_TARGET = 16.4;
				MACOSX_DEPLOYMENT_TARGET = 13.3;
				MARKETING_VERSION = 1.0;
				PRODUCT_BUNDLE_IDENTIFIER = fojin.SwiftUIStudyTests;
				PRODUCT_NAME = "$(TARGET_NAME)";
				SDKROOT = auto;
				SUPPORTED_PLATFORMS = "iphoneos iphonesimulator macosx";
				SWIFT_EMIT_LOC_STRINGS = NO;
				SWIFT_VERSION = 5.0;
				TARGETED_DEVICE_FAMILY = "1,2";
				TEST_HOST = "$(BUILT_PRODUCTS_DIR)/SwiftUIStudy.app/$(BUNDLE_EXECUTABLE_FOLDER_PATH)/SwiftUIStudy";
			};
			name = Release;
		};
		CE7BCAEE2B04EABA0015230C /* Debug */ = {
			isa = XCBuildConfiguration;
			buildSettings = {
				ALWAYS_EMBED_SWIFT_STANDARD_LIBRARIES = YES;
				CODE_SIGN_STYLE = Automatic;
				CURRENT_PROJECT_VERSION = 1;
				DEVELOPMENT_TEAM = S73TSZ5DWG;
				GENERATE_INFOPLIST_FILE = YES;
				IPHONEOS_DEPLOYMENT_TARGET = 16.4;
				MACOSX_DEPLOYMENT_TARGET = 13.3;
				MARKETING_VERSION = 1.0;
				PRODUCT_BUNDLE_IDENTIFIER = fojin.SwiftUIStudyUITests;
				PRODUCT_NAME = "$(TARGET_NAME)";
				SDKROOT = auto;
				SUPPORTED_PLATFORMS = "iphoneos iphonesimulator macosx";
				SWIFT_EMIT_LOC_STRINGS = NO;
				SWIFT_VERSION = 5.0;
				TARGETED_DEVICE_FAMILY = "1,2";
				TEST_TARGET_NAME = SwiftUIStudy;
			};
			name = Debug;
		};
		CE7BCAEF2B04EABA0015230C /* Release */ = {
			isa = XCBuildConfiguration;
			buildSettings = {
				ALWAYS_EMBED_SWIFT_STANDARD_LIBRARIES = YES;
				CODE_SIGN_STYLE = Automatic;
				CURRENT_PROJECT_VERSION = 1;
				DEVELOPMENT_TEAM = S73TSZ5DWG;
				GENERATE_INFOPLIST_FILE = YES;
				IPHONEOS_DEPLOYMENT_TARGET = 16.4;
				MACOSX_DEPLOYMENT_TARGET = 13.3;
				MARKETING_VERSION = 1.0;
				PRODUCT_BUNDLE_IDENTIFIER = fojin.SwiftUIStudyUITests;
				PRODUCT_NAME = "$(TARGET_NAME)";
				SDKROOT = auto;
				SUPPORTED_PLATFORMS = "iphoneos iphonesimulator macosx";
				SWIFT_EMIT_LOC_STRINGS = NO;
				SWIFT_VERSION = 5.0;
				TARGETED_DEVICE_FAMILY = "1,2";
				TEST_TARGET_NAME = SwiftUIStudy;
			};
			name = Release;
		};
/* End XCBuildConfiguration section */

/* Begin XCConfigurationList section */
		CE5F58E42B22FDCC008D91A1 /* Build configuration list for PBXNativeTarget "TestExtension" */ = {
			isa = XCConfigurationList;
			buildConfigurations = (
				CE5F58E22B22FDCC008D91A1 /* Debug */,
				CE5F58E32B22FDCC008D91A1 /* Release */,
			);
			defaultConfigurationIsVisible = 0;
			defaultConfigurationName = Release;
		};
		CE7BCABD2B04EAB90015230C /* Build configuration list for PBXProject "SwiftUIStudy" */ = {
			isa = XCConfigurationList;
			buildConfigurations = (
				CE7BCAE52B04EABA0015230C /* Debug */,
				CE7BCAE62B04EABA0015230C /* Release */,
			);
			defaultConfigurationIsVisible = 0;
			defaultConfigurationName = Release;
		};
		CE7BCAE72B04EABA0015230C /* Build configuration list for PBXNativeTarget "SwiftUIStudy" */ = {
			isa = XCConfigurationList;
			buildConfigurations = (
				CE7BCAE82B04EABA0015230C /* Debug */,
				CE7BCAE92B04EABA0015230C /* Release */,
			);
			defaultConfigurationIsVisible = 0;
			defaultConfigurationName = Release;
		};
		CE7BCAEA2B04EABA0015230C /* Build configuration list for PBXNativeTarget "SwiftUIStudyTests" */ = {
			isa = XCConfigurationList;
			buildConfigurations = (
				CE7BCAEB2B04EABA0015230C /* Debug */,
				CE7BCAEC2B04EABA0015230C /* Release */,
			);
			defaultConfigurationIsVisible = 0;
			defaultConfigurationName = Release;
		};
		CE7BCAED2B04EABA0015230C /* Build configuration list for PBXNativeTarget "SwiftUIStudyUITests" */ = {
			isa = XCConfigurationList;
			buildConfigurations = (
				CE7BCAEE2B04EABA0015230C /* Debug */,
				CE7BCAEF2B04EABA0015230C /* Release */,
			);
			defaultConfigurationIsVisible = 0;
			defaultConfigurationName = Release;
		};
/* End XCConfigurationList section */

/* Begin XCRemoteSwiftPackageReference section */
		CE0647A32B0F959500FDEE12 /* XCRemoteSwiftPackageReference "Alamofire" */ = {
			isa = XCRemoteSwiftPackageReference;
			repositoryURL = "https://github.com/Alamofire/Alamofire";
			requirement = {
				kind = upToNextMajorVersion;
				minimumVersion = 5.8.1;
			};
		};
		CE0D617F2B186B1200E93536 /* XCRemoteSwiftPackageReference "keychain-swift" */ = {
			isa = XCRemoteSwiftPackageReference;
			repositoryURL = "https://github.com/evgenyneu/keychain-swift";
			requirement = {
				kind = upToNextMajorVersion;
				minimumVersion = 20.0.0;
			};
		};
		CE0D61822B188FCD00E93536 /* XCRemoteSwiftPackageReference "stinsen" */ = {
			isa = XCRemoteSwiftPackageReference;
			repositoryURL = "https://github.com/rundfunk47/stinsen";
			requirement = {
				kind = upToNextMajorVersion;
				minimumVersion = 2.0.13;
			};
		};
		CEC3275B2B2B34C40078C5B2 /* XCRemoteSwiftPackageReference "stream-chat-swiftui" */ = {
			isa = XCRemoteSwiftPackageReference;
			repositoryURL = "https://github.com/getstream/stream-chat-swiftui";
			requirement = {
				kind = upToNextMajorVersion;
				minimumVersion = 4.45.0;
			};
		};
/* End XCRemoteSwiftPackageReference section */

/* Begin XCSwiftPackageProductDependency section */
		CE0647A42B0F959500FDEE12 /* Alamofire */ = {
			isa = XCSwiftPackageProductDependency;
			package = CE0647A32B0F959500FDEE12 /* XCRemoteSwiftPackageReference "Alamofire" */;
			productName = Alamofire;
		};
		CE0D61802B186B1200E93536 /* KeychainSwift */ = {
			isa = XCSwiftPackageProductDependency;
			package = CE0D617F2B186B1200E93536 /* XCRemoteSwiftPackageReference "keychain-swift" */;
			productName = KeychainSwift;
		};
		CE0D61832B188FCD00E93536 /* Stinsen */ = {
			isa = XCSwiftPackageProductDependency;
			package = CE0D61822B188FCD00E93536 /* XCRemoteSwiftPackageReference "stinsen" */;
			productName = Stinsen;
		};
		CEC3275C2B2B34C50078C5B2 /* StreamChatSwiftUI */ = {
			isa = XCSwiftPackageProductDependency;
			package = CEC3275B2B2B34C40078C5B2 /* XCRemoteSwiftPackageReference "stream-chat-swiftui" */;
			productName = StreamChatSwiftUI;
		};
/* End XCSwiftPackageProductDependency section */

/* Begin XCVersionGroup section */
		CE0230752B318D9100D5887D /* Coordinates.xcdatamodeld */ = {
			isa = XCVersionGroup;
			children = (
				CE0230762B318D9100D5887D /* Coordinates.xcdatamodel */,
			);
			currentVersion = CE0230762B318D9100D5887D /* Coordinates.xcdatamodel */;
			path = Coordinates.xcdatamodeld;
			sourceTree = "<group>";
			versionGroupType = wrapper.xcdatamodel;
		};
		CEBC55832B06424B007F9B19 /* CoreDataStudy.xcdatamodeld */ = {
			isa = XCVersionGroup;
			children = (
				CEBC55842B06424B007F9B19 /* Departments.xcdatamodel */,
			);
			currentVersion = CEBC55842B06424B007F9B19 /* Departments.xcdatamodel */;
			path = CoreDataStudy.xcdatamodeld;
			sourceTree = "<group>";
			versionGroupType = wrapper.xcdatamodel;
		};
/* End XCVersionGroup section */
	};
	rootObject = CE7BCABA2B04EAB90015230C /* Project object */;
}
